
Microsoft Visual Studio Solution File, Format Version 12.00
# Visual Studio Version 17
VisualStudioVersion = 17.0.31521.260
MinimumVisualStudioVersion = 10.0.40219.1
Project("{D954291E-2A0B-460D-934E-DC6B0785DB48}") = "HelloUno6.Shared", "HelloUno6\HelloUno6.Shared\HelloUno6.Shared.shproj", "{6279C845-92F8-4333-AB99-3D213163593C}"
EndProject
Project("{2150E333-8FDC-42A3-9474-1A3956D46DE8}") = "Platforms", "Platforms", "{466D734A-9EED-40D4-9000-A787D2CF43D4}"
EndProject
Project("{9A19103F-16F7-4668-BE54-9A1E7A4F7556}") = "HelloUno6.Mobile", "HelloUno6\HelloUno6.Mobile\HelloUno6.Mobile.csproj", "{46DF8013-B1F6-474C-A8F6-6E5C675AC74B}"
EndProject
Project("{FAE04EC0-301F-11D3-BF4B-00C04F79EFBC}") = "HelloUno6.UWP", "HelloUno6\HelloUno6.UWP\HelloUno6.UWP.csproj", "{694E1CA0-EC5E-4F88-B4F1-DC69FB9FD09A}"
EndProject
Project("{9A19103F-16F7-4668-BE54-9A1E7A4F7556}") = "HelloUno6.Wasm", "HelloUno6\HelloUno6.Wasm\HelloUno6.Wasm.csproj", "{2F10934E-9FE5-4745-8DBD-B3ED5E2F4D29}"
EndProject
Project("{9A19103F-16F7-4668-BE54-9A1E7A4F7556}") = "HelloUno6.Skia.Wpf.Host", "HelloUno6\HelloUno6.Skia.Wpf.Host\HelloUno6.Skia.Wpf.Host.csproj", "{BC6C8CE6-5792-4D16-A3C7-4B8B30E66F45}"
EndProject
Project("{9A19103F-16F7-4668-BE54-9A1E7A4F7556}") = "HelloUno6.Skia.Wpf", "HelloUno6\HelloUno6.Skia.Wpf\HelloUno6.Skia.Wpf.csproj", "{7FB8FEBF-DBE0-4CC4-80B8-026A1BE01206}"
EndProject
Project("{9A19103F-16F7-4668-BE54-9A1E7A4F7556}") = "HelloUno6.Skia.Gtk", "HelloUno6\HelloUno6.Skia.Gtk\HelloUno6.Skia.Gtk.csproj", "{AC962C10-2C6C-43CC-A9B0-322DE7C1EEE0}"
EndProject
Global
	GlobalSection(SharedMSBuildProjectFiles) = preSolution
		HelloUno6\HelloUno6.Shared\HelloUno6.Shared.projitems*{2f10934e-9fe5-4745-8dbd-b3ed5e2f4d29}*SharedItemsImports = 5
		HelloUno6\HelloUno6.Shared\HelloUno6.Shared.projitems*{46df8013-b1f6-474c-a8f6-6e5c675ac74b}*SharedItemsImports = 5
		HelloUno6\HelloUno6.Shared\HelloUno6.Shared.projitems*{6279c845-92f8-4333-ab99-3d213163593c}*SharedItemsImports = 13
		HelloUno6\HelloUno6.Shared\HelloUno6.Shared.projitems*{694e1ca0-ec5e-4f88-b4f1-dc69fb9fd09a}*SharedItemsImports = 4
		HelloUno6\HelloUno6.Shared\HelloUno6.Shared.projitems*{7fb8febf-dbe0-4cc4-80b8-026a1be01206}*SharedItemsImports = 5
		HelloUno6\HelloUno6.Shared\HelloUno6.Shared.projitems*{ac962c10-2c6c-43cc-a9b0-322de7c1eee0}*SharedItemsImports = 5
	EndGlobalSection
	GlobalSection(SolutionConfigurationPlatforms) = preSolution
		Debug|Any CPU = Debug|Any CPU
		Debug|ARM = Debug|ARM
		Debug|ARM64 = Debug|ARM64
		Debug|x64 = Debug|x64
		Debug|x86 = Debug|x86
		Release|Any CPU = Release|Any CPU
		Release|ARM = Release|ARM
		Release|ARM64 = Release|ARM64
		Release|x64 = Release|x64
		Release|x86 = Release|x86
	EndGlobalSection
	GlobalSection(ProjectConfigurationPlatforms) = postSolution
		{46DF8013-B1F6-474C-A8F6-6E5C675AC74B}.Debug|Any CPU.ActiveCfg = Debug|Any CPU
		{46DF8013-B1F6-474C-A8F6-6E5C675AC74B}.Debug|Any CPU.Build.0 = Debug|Any CPU
		{46DF8013-B1F6-474C-A8F6-6E5C675AC74B}.Debug|Any CPU.Deploy.0 = Debug|Any CPU
		{46DF8013-B1F6-474C-A8F6-6E5C675AC74B}.Debug|ARM.ActiveCfg = Debug|Any CPU
		{46DF8013-B1F6-474C-A8F6-6E5C675AC74B}.Debug|ARM.Build.0 = Debug|Any CPU
		{46DF8013-B1F6-474C-A8F6-6E5C675AC74B}.Debug|ARM64.ActiveCfg = Debug|Any CPU
		{46DF8013-B1F6-474C-A8F6-6E5C675AC74B}.Debug|ARM64.Build.0 = Debug|Any CPU
		{46DF8013-B1F6-474C-A8F6-6E5C675AC74B}.Debug|x64.ActiveCfg = Debug|Any CPU
		{46DF8013-B1F6-474C-A8F6-6E5C675AC74B}.Debug|x64.Build.0 = Debug|Any CPU
		{46DF8013-B1F6-474C-A8F6-6E5C675AC74B}.Debug|x86.ActiveCfg = Debug|Any CPU
		{46DF8013-B1F6-474C-A8F6-6E5C675AC74B}.Debug|x86.Build.0 = Debug|Any CPU
		{46DF8013-B1F6-474C-A8F6-6E5C675AC74B}.Release|Any CPU.ActiveCfg = Release|Any CPU
		{46DF8013-B1F6-474C-A8F6-6E5C675AC74B}.Release|Any CPU.Build.0 = Release|Any CPU
		{46DF8013-B1F6-474C-A8F6-6E5C675AC74B}.Release|ARM.ActiveCfg = Release|Any CPU
		{46DF8013-B1F6-474C-A8F6-6E5C675AC74B}.Release|ARM.Build.0 = Release|Any CPU
		{46DF8013-B1F6-474C-A8F6-6E5C675AC74B}.Release|ARM64.ActiveCfg = Release|Any CPU
		{46DF8013-B1F6-474C-A8F6-6E5C675AC74B}.Release|ARM64.Build.0 = Release|Any CPU
		{46DF8013-B1F6-474C-A8F6-6E5C675AC74B}.Release|x64.ActiveCfg = Release|Any CPU
		{46DF8013-B1F6-474C-A8F6-6E5C675AC74B}.Release|x64.Build.0 = Release|Any CPU
		{46DF8013-B1F6-474C-A8F6-6E5C675AC74B}.Release|x86.ActiveCfg = Release|Any CPU
		{46DF8013-B1F6-474C-A8F6-6E5C675AC74B}.Release|x86.Build.0 = Release|Any CPU
		{694E1CA0-EC5E-4F88-B4F1-DC69FB9FD09A}.Debug|Any CPU.ActiveCfg = Debug|x86
		{694E1CA0-EC5E-4F88-B4F1-DC69FB9FD09A}.Debug|Any CPU.Build.0 = Debug|x86
		{694E1CA0-EC5E-4F88-B4F1-DC69FB9FD09A}.Debug|Any CPU.Deploy.0 = Debug|x86
		{694E1CA0-EC5E-4F88-B4F1-DC69FB9FD09A}.Debug|ARM.ActiveCfg = Debug|ARM
		{694E1CA0-EC5E-4F88-B4F1-DC69FB9FD09A}.Debug|ARM.Build.0 = Debug|ARM
		{694E1CA0-EC5E-4F88-B4F1-DC69FB9FD09A}.Debug|ARM.Deploy.0 = Debug|ARM
		{694E1CA0-EC5E-4F88-B4F1-DC69FB9FD09A}.Debug|ARM64.ActiveCfg = Debug|ARM64
		{694E1CA0-EC5E-4F88-B4F1-DC69FB9FD09A}.Debug|ARM64.Build.0 = Debug|ARM64
		{694E1CA0-EC5E-4F88-B4F1-DC69FB9FD09A}.Debug|ARM64.Deploy.0 = Debug|ARM64
		{694E1CA0-EC5E-4F88-B4F1-DC69FB9FD09A}.Debug|x64.ActiveCfg = Debug|x64
		{694E1CA0-EC5E-4F88-B4F1-DC69FB9FD09A}.Debug|x64.Build.0 = Debug|x64
		{694E1CA0-EC5E-4F88-B4F1-DC69FB9FD09A}.Debug|x64.Deploy.0 = Debug|x64
		{694E1CA0-EC5E-4F88-B4F1-DC69FB9FD09A}.Debug|x86.ActiveCfg = Debug|x86
		{694E1CA0-EC5E-4F88-B4F1-DC69FB9FD09A}.Debug|x86.Build.0 = Debug|x86
		{694E1CA0-EC5E-4F88-B4F1-DC69FB9FD09A}.Debug|x86.Deploy.0 = Debug|x86
		{694E1CA0-EC5E-4F88-B4F1-DC69FB9FD09A}.Release|Any CPU.ActiveCfg = Release|x86
		{694E1CA0-EC5E-4F88-B4F1-DC69FB9FD09A}.Release|ARM.ActiveCfg = Release|ARM
		{694E1CA0-EC5E-4F88-B4F1-DC69FB9FD09A}.Release|ARM.Build.0 = Release|ARM
		{694E1CA0-EC5E-4F88-B4F1-DC69FB9FD09A}.Release|ARM.Deploy.0 = Release|ARM
		{694E1CA0-EC5E-4F88-B4F1-DC69FB9FD09A}.Release|ARM64.ActiveCfg = Release|ARM64
		{694E1CA0-EC5E-4F88-B4F1-DC69FB9FD09A}.Release|ARM64.Build.0 = Release|ARM64
		{694E1CA0-EC5E-4F88-B4F1-DC69FB9FD09A}.Release|ARM64.Deploy.0 = Release|ARM64
		{694E1CA0-EC5E-4F88-B4F1-DC69FB9FD09A}.Release|x64.ActiveCfg = Release|x64
		{694E1CA0-EC5E-4F88-B4F1-DC69FB9FD09A}.Release|x64.Build.0 = Release|x64
		{694E1CA0-EC5E-4F88-B4F1-DC69FB9FD09A}.Release|x64.Deploy.0 = Release|x64
		{694E1CA0-EC5E-4F88-B4F1-DC69FB9FD09A}.Release|x86.ActiveCfg = Release|x86
		{694E1CA0-EC5E-4F88-B4F1-DC69FB9FD09A}.Release|x86.Build.0 = Release|x86
		{694E1CA0-EC5E-4F88-B4F1-DC69FB9FD09A}.Release|x86.Deploy.0 = Release|x86
		{2F10934E-9FE5-4745-8DBD-B3ED5E2F4D29}.Debug|Any CPU.ActiveCfg = Debug|Any CPU
		{2F10934E-9FE5-4745-8DBD-B3ED5E2F4D29}.Debug|Any CPU.Build.0 = Debug|Any CPU
		{2F10934E-9FE5-4745-8DBD-B3ED5E2F4D29}.Debug|ARM.ActiveCfg = Debug|Any CPU
		{2F10934E-9FE5-4745-8DBD-B3ED5E2F4D29}.Debug|ARM.Build.0 = Debug|Any CPU
		{2F10934E-9FE5-4745-8DBD-B3ED5E2F4D29}.Debug|ARM64.ActiveCfg = Debug|Any CPU
		{2F10934E-9FE5-4745-8DBD-B3ED5E2F4D29}.Debug|ARM64.Build.0 = Debug|Any CPU
		{2F10934E-9FE5-4745-8DBD-B3ED5E2F4D29}.Debug|x64.ActiveCfg = Debug|Any CPU
		{2F10934E-9FE5-4745-8DBD-B3ED5E2F4D29}.Debug|x64.Build.0 = Debug|Any CPU
		{2F10934E-9FE5-4745-8DBD-B3ED5E2F4D29}.Debug|x86.ActiveCfg = Debug|Any CPU
		{2F10934E-9FE5-4745-8DBD-B3ED5E2F4D29}.Debug|x86.Build.0 = Debug|Any CPU
		{2F10934E-9FE5-4745-8DBD-B3ED5E2F4D29}.Release|Any CPU.ActiveCfg = Release|Any CPU
		{2F10934E-9FE5-4745-8DBD-B3ED5E2F4D29}.Release|Any CPU.Build.0 = Release|Any CPU
		{2F10934E-9FE5-4745-8DBD-B3ED5E2F4D29}.Release|ARM.ActiveCfg = Release|Any CPU
		{2F10934E-9FE5-4745-8DBD-B3ED5E2F4D29}.Release|ARM.Build.0 = Release|Any CPU
		{2F10934E-9FE5-4745-8DBD-B3ED5E2F4D29}.Release|ARM64.ActiveCfg = Release|Any CPU
		{2F10934E-9FE5-4745-8DBD-B3ED5E2F4D29}.Release|ARM64.Build.0 = Release|Any CPU
		{2F10934E-9FE5-4745-8DBD-B3ED5E2F4D29}.Release|x64.ActiveCfg = Release|Any CPU
		{2F10934E-9FE5-4745-8DBD-B3ED5E2F4D29}.Release|x64.Build.0 = Release|Any CPU
		{2F10934E-9FE5-4745-8DBD-B3ED5E2F4D29}.Release|x86.ActiveCfg = Release|Any CPU
		{2F10934E-9FE5-4745-8DBD-B3ED5E2F4D29}.Release|x86.Build.0 = Release|Any CPU
		{BC6C8CE6-5792-4D16-A3C7-4B8B30E66F45}.Debug|Any CPU.ActiveCfg = Debug|Any CPU
		{BC6C8CE6-5792-4D16-A3C7-4B8B30E66F45}.Debug|Any CPU.Build.0 = Debug|Any CPU
		{BC6C8CE6-5792-4D16-A3C7-4B8B30E66F45}.Debug|ARM.ActiveCfg = Debug|Any CPU
		{BC6C8CE6-5792-4D16-A3C7-4B8B30E66F45}.Debug|ARM.Build.0 = Debug|Any CPU
		{BC6C8CE6-5792-4D16-A3C7-4B8B30E66F45}.Debug|ARM64.ActiveCfg = Debug|Any CPU
		{BC6C8CE6-5792-4D16-A3C7-4B8B30E66F45}.Debug|ARM64.Build.0 = Debug|Any CPU
		{BC6C8CE6-5792-4D16-A3C7-4B8B30E66F45}.Debug|x64.ActiveCfg = Debug|Any CPU
		{BC6C8CE6-5792-4D16-A3C7-4B8B30E66F45}.Debug|x64.Build.0 = Debug|Any CPU
		{BC6C8CE6-5792-4D16-A3C7-4B8B30E66F45}.Debug|x86.ActiveCfg = Debug|Any CPU
		{BC6C8CE6-5792-4D16-A3C7-4B8B30E66F45}.Debug|x86.Build.0 = Debug|Any CPU
		{BC6C8CE6-5792-4D16-A3C7-4B8B30E66F45}.Release|Any CPU.ActiveCfg = Release|Any CPU
		{BC6C8CE6-5792-4D16-A3C7-4B8B30E66F45}.Release|Any CPU.Build.0 = Release|Any CPU
		{BC6C8CE6-5792-4D16-A3C7-4B8B30E66F45}.Release|ARM.ActiveCfg = Release|Any CPU
		{BC6C8CE6-5792-4D16-A3C7-4B8B30E66F45}.Release|ARM.Build.0 = Release|Any CPU
		{BC6C8CE6-5792-4D16-A3C7-4B8B30E66F45}.Release|ARM64.ActiveCfg = Release|Any CPU
		{BC6C8CE6-5792-4D16-A3C7-4B8B30E66F45}.Release|ARM64.Build.0 = Release|Any CPU
		{BC6C8CE6-5792-4D16-A3C7-4B8B30E66F45}.Release|x64.ActiveCfg = Release|Any CPU
		{BC6C8CE6-5792-4D16-A3C7-4B8B30E66F45}.Release|x64.Build.0 = Release|Any CPU
		{BC6C8CE6-5792-4D16-A3C7-4B8B30E66F45}.Release|x86.ActiveCfg = Release|Any CPU
		{BC6C8CE6-5792-4D16-A3C7-4B8B30E66F45}.Release|x86.Build.0 = Release|Any CPU
		{7FB8FEBF-DBE0-4CC4-80B8-026A1BE01206}.Debug|Any CPU.ActiveCfg = Debug|Any CPU
		{7FB8FEBF-DBE0-4CC4-80B8-026A1BE01206}.Debug|Any CPU.Build.0 = Debug|Any CPU
		{7FB8FEBF-DBE0-4CC4-80B8-026A1BE01206}.Debug|ARM.ActiveCfg = Debug|Any CPU
		{7FB8FEBF-DBE0-4CC4-80B8-026A1BE01206}.Debug|ARM.Build.0 = Debug|Any CPU
		{7FB8FEBF-DBE0-4CC4-80B8-026A1BE01206}.Debug|ARM64.ActiveCfg = Debug|Any CPU
		{7FB8FEBF-DBE0-4CC4-80B8-026A1BE01206}.Debug|ARM64.Build.0 = Debug|Any CPU
		{7FB8FEBF-DBE0-4CC4-80B8-026A1BE01206}.Debug|x64.ActiveCfg = Debug|Any CPU
		{7FB8FEBF-DBE0-4CC4-80B8-026A1BE01206}.Debug|x64.Build.0 = Debug|Any CPU
		{7FB8FEBF-DBE0-4CC4-80B8-026A1BE01206}.Debug|x86.ActiveCfg = Debug|Any CPU
		{7FB8FEBF-DBE0-4CC4-80B8-026A1BE01206}.Debug|x86.Build.0 = Debug|Any CPU
		{7FB8FEBF-DBE0-4CC4-80B8-026A1BE01206}.Release|Any CPU.ActiveCfg = Release|Any CPU
		{7FB8FEBF-DBE0-4CC4-80B8-026A1BE01206}.Release|Any CPU.Build.0 = Release|Any CPU
		{7FB8FEBF-DBE0-4CC4-80B8-026A1BE01206}.Release|ARM.ActiveCfg = Release|Any CPU
		{7FB8FEBF-DBE0-4CC4-80B8-026A1BE01206}.Release|ARM.Build.0 = Release|Any CPU
		{7FB8FEBF-DBE0-4CC4-80B8-026A1BE01206}.Release|ARM64.ActiveCfg = Release|Any CPU
		{7FB8FEBF-DBE0-4CC4-80B8-026A1BE01206}.Release|ARM64.Build.0 = Release|Any CPU
		{7FB8FEBF-DBE0-4CC4-80B8-026A1BE01206}.Release|x64.ActiveCfg = Release|Any CPU
		{7FB8FEBF-DBE0-4CC4-80B8-026A1BE01206}.Release|x64.Build.0 = Release|Any CPU
		{7FB8FEBF-DBE0-4CC4-80B8-026A1BE01206}.Release|x86.ActiveCfg = Release|Any CPU
		{7FB8FEBF-DBE0-4CC4-80B8-026A1BE01206}.Release|x86.Build.0 = Release|Any CPU
		{AC962C10-2C6C-43CC-A9B0-322DE7C1EEE0}.Debug|Any CPU.ActiveCfg = Debug|Any CPU
		{AC962C10-2C6C-43CC-A9B0-322DE7C1EEE0}.Debug|Any CPU.Build.0 = Debug|Any CPU
		{AC962C10-2C6C-43CC-A9B0-322DE7C1EEE0}.Debug|ARM.ActiveCfg = Debug|Any CPU
		{AC962C10-2C6C-43CC-A9B0-322DE7C1EEE0}.Debug|ARM.Build.0 = Debug|Any CPU
		{AC962C10-2C6C-43CC-A9B0-322DE7C1EEE0}.Debug|ARM64.ActiveCfg = Debug|Any CPU
		{AC962C10-2C6C-43CC-A9B0-322DE7C1EEE0}.Debug|ARM64.Build.0 = Debug|Any CPU
		{AC962C10-2C6C-43CC-A9B0-322DE7C1EEE0}.Debug|x64.ActiveCfg = Debug|Any CPU
		{AC962C10-2C6C-43CC-A9B0-322DE7C1EEE0}.Debug|x64.Build.0 = Debug|Any CPU
		{AC962C10-2C6C-43CC-A9B0-322DE7C1EEE0}.Debug|x86.ActiveCfg = Debug|Any CPU
		{AC962C10-2C6C-43CC-A9B0-322DE7C1EEE0}.Debug|x86.Build.0 = Debug|Any CPU
		{AC962C10-2C6C-43CC-A9B0-322DE7C1EEE0}.Release|Any CPU.ActiveCfg = Release|Any CPU
		{AC962C10-2C6C-43CC-A9B0-322DE7C1EEE0}.Release|Any CPU.Build.0 = Release|Any CPU
		{AC962C10-2C6C-43CC-A9B0-322DE7C1EEE0}.Release|ARM.ActiveCfg = Release|Any CPU
		{AC962C10-2C6C-43CC-A9B0-322DE7C1EEE0}.Release|ARM.Build.0 = Release|Any CPU
		{AC962C10-2C6C-43CC-A9B0-322DE7C1EEE0}.Release|ARM64.ActiveCfg = Release|Any CPU
		{AC962C10-2C6C-43CC-A9B0-322DE7C1EEE0}.Release|ARM64.Build.0 = Release|Any CPU
		{AC962C10-2C6C-43CC-A9B0-322DE7C1EEE0}.Release|x64.ActiveCfg = Release|Any CPU
		{AC962C10-2C6C-43CC-A9B0-322DE7C1EEE0}.Release|x64.Build.0 = Release|Any CPU
		{AC962C10-2C6C-43CC-A9B0-322DE7C1EEE0}.Release|x86.ActiveCfg = Release|Any CPU
		{AC962C10-2C6C-43CC-A9B0-322DE7C1EEE0}.Release|x86.Build.0 = Release|Any CPU
	EndGlobalSection
	GlobalSection(SolutionProperties) = preSolution
		HideSolutionNode = FALSE
	EndGlobalSection
	GlobalSection(NestedProjects) = preSolution
		{46DF8013-B1F6-474C-A8F6-6E5C675AC74B} = {466D734A-9EED-40D4-9000-A787D2CF43D4}
		{694E1CA0-EC5E-4F88-B4F1-DC69FB9FD09A} = {466D734A-9EED-40D4-9000-A787D2CF43D4}
		{2F10934E-9FE5-4745-8DBD-B3ED5E2F4D29} = {466D734A-9EED-40D4-9000-A787D2CF43D4}
		{BC6C8CE6-5792-4D16-A3C7-4B8B30E66F45} = {466D734A-9EED-40D4-9000-A787D2CF43D4}
		{7FB8FEBF-DBE0-4CC4-80B8-026A1BE01206} = {466D734A-9EED-40D4-9000-A787D2CF43D4}
		{AC962C10-2C6C-43CC-A9B0-322DE7C1EEE0} = {466D734A-9EED-40D4-9000-A787D2CF43D4}
	EndGlobalSection
	GlobalSection(ExtensibilityGlobals) = postSolution
		SolutionGuid = {B13D1606-5179-4B90-B128-5ABDA4FD7137}
	EndGlobalSection
EndGlobal
