
Microsoft Visual Studio Solution File, Format Version 12.00
# Visual Studio Version 16
VisualStudioVersion = 16.0.31507.150
MinimumVisualStudioVersion = 10.0.40219.1
Project("{D954291E-2A0B-460D-934E-DC6B0785DB48}") = "HelloUno.Shared", "HelloUno\HelloUno.Shared\HelloUno.Shared.shproj", "{6279C845-92F8-4333-AB99-3D213163593C}"
EndProject
Project("{2150E333-8FDC-42A3-9474-1A3956D46DE8}") = "Platforms", "Platforms", "{C4E07AD3-501F-489D-8C76-66D8D2939CBD}"
EndProject
Project("{FAE04EC0-301F-11D3-BF4B-00C04F79EFBC}") = "HelloUno.Droid", "HelloUno\HelloUno.Droid\HelloUno.Droid.csproj", "{B6989677-0D34-4084-8BDC-6433F9B0AC8B}"
EndProject
Project("{FAE04EC0-301F-11D3-BF4B-00C04F79EFBC}") = "HelloUno.iOS", "HelloUno\HelloUno.iOS\HelloUno.iOS.csproj", "{832EEF9D-FBFD-4928-A16E-0819FB77BBBA}"
EndProject
Project("{FAE04EC0-301F-11D3-BF4B-00C04F79EFBC}") = "HelloUno.UWP", "HelloUno\HelloUno.UWP\HelloUno.UWP.csproj", "{FFA67DD5-5521-4595-9E91-FD7A41ED121E}"
EndProject
Project("{FAE04EC0-301F-11D3-BF4B-00C04F79EFBC}") = "HelloUno.Wasm", "HelloUno\HelloUno.Wasm\HelloUno.Wasm.csproj", "{A7517501-805C-407D-8571-A7F350FD1D1E}"
EndProject
Project("{FAE04EC0-301F-11D3-BF4B-00C04F79EFBC}") = "HelloUno.macOS", "HelloUno\HelloUno.macOS\HelloUno.macOS.csproj", "{D51AF163-2EA9-4004-AFE5-F7E913233AA8}"
EndProject
Project("{FAE04EC0-301F-11D3-BF4B-00C04F79EFBC}") = "HelloUno.Skia.Wpf.Host", "HelloUno\HelloUno.Skia.Wpf.Host\HelloUno.Skia.Wpf.Host.csproj", "{ABA4734D-0175-4885-AF4C-12C231629DBF}"
EndProject
Project("{FAE04EC0-301F-11D3-BF4B-00C04F79EFBC}") = "HelloUno.Skia.Wpf", "HelloUno\HelloUno.Skia.Wpf\HelloUno.Skia.Wpf.csproj", "{BDE5E4BA-E172-4AD5-A5FF-8D640EADA992}"
EndProject
Project("{FAE04EC0-301F-11D3-BF4B-00C04F79EFBC}") = "HelloUno.Skia.Gtk", "HelloUno\HelloUno.Skia.Gtk\HelloUno.Skia.Gtk.csproj", "{0E789572-296E-41B3-B188-CCCA22BA95D0}"
EndProject
Project("{FAE04EC0-301F-11D3-BF4B-00C04F79EFBC}") = "HelloUno.Skia.Tizen", "HelloUno\HelloUno.Skia.Tizen\HelloUno.Skia.Tizen.csproj", "{CE011B91-D549-4EF9-9BDC-41718FABC54D}"
EndProject
Global
	GlobalSection(SharedMSBuildProjectFiles) = preSolution
		HelloUno\HelloUno.Shared\HelloUno.Shared.projitems*{0e789572-296e-41b3-b188-ccca22ba95d0}*SharedItemsImports = 5
		HelloUno\HelloUno.Shared\HelloUno.Shared.projitems*{6279c845-92f8-4333-ab99-3d213163593c}*SharedItemsImports = 13
		HelloUno\HelloUno.Shared\HelloUno.Shared.projitems*{832eef9d-fbfd-4928-a16e-0819fb77bbba}*SharedItemsImports = 4
		HelloUno\HelloUno.Shared\HelloUno.Shared.projitems*{a7517501-805c-407d-8571-a7f350fd1d1e}*SharedItemsImports = 5
		HelloUno\HelloUno.Shared\HelloUno.Shared.projitems*{b6989677-0d34-4084-8bdc-6433f9b0ac8b}*SharedItemsImports = 4
		HelloUno\HelloUno.Shared\HelloUno.Shared.projitems*{bde5e4ba-e172-4ad5-a5ff-8d640eada992}*SharedItemsImports = 5
		HelloUno\HelloUno.Shared\HelloUno.Shared.projitems*{ce011b91-d549-4ef9-9bdc-41718fabc54d}*SharedItemsImports = 5
		HelloUno\HelloUno.Shared\HelloUno.Shared.projitems*{d51af163-2ea9-4004-afe5-f7e913233aa8}*SharedItemsImports = 4
		HelloUno\HelloUno.Shared\HelloUno.Shared.projitems*{ffa67dd5-5521-4595-9e91-fd7a41ed121e}*SharedItemsImports = 4
	EndGlobalSection
	GlobalSection(SolutionConfigurationPlatforms) = preSolution
		Ad-Hoc|Any CPU = Ad-Hoc|Any CPU
		Ad-Hoc|ARM = Ad-Hoc|ARM
		Ad-Hoc|ARM64 = Ad-Hoc|ARM64
		Ad-Hoc|iPhone = Ad-Hoc|iPhone
		Ad-Hoc|iPhoneSimulator = Ad-Hoc|iPhoneSimulator
		Ad-Hoc|x64 = Ad-Hoc|x64
		Ad-Hoc|x86 = Ad-Hoc|x86
		AppStore|Any CPU = AppStore|Any CPU
		AppStore|ARM = AppStore|ARM
		AppStore|ARM64 = AppStore|ARM64
		AppStore|iPhone = AppStore|iPhone
		AppStore|iPhoneSimulator = AppStore|iPhoneSimulator
		AppStore|x64 = AppStore|x64
		AppStore|x86 = AppStore|x86
		Debug|Any CPU = Debug|Any CPU
		Debug|ARM = Debug|ARM
		Debug|ARM64 = Debug|ARM64
		Debug|iPhone = Debug|iPhone
		Debug|iPhoneSimulator = Debug|iPhoneSimulator
		Debug|x64 = Debug|x64
		Debug|x86 = Debug|x86
		Release|Any CPU = Release|Any CPU
		Release|ARM = Release|ARM
		Release|ARM64 = Release|ARM64
		Release|iPhone = Release|iPhone
		Release|iPhoneSimulator = Release|iPhoneSimulator
		Release|x64 = Release|x64
		Release|x86 = Release|x86
	EndGlobalSection
	GlobalSection(ProjectConfigurationPlatforms) = postSolution
		{B6989677-0D34-4084-8BDC-6433F9B0AC8B}.Ad-Hoc|Any CPU.ActiveCfg = Debug|Any CPU
		{B6989677-0D34-4084-8BDC-6433F9B0AC8B}.Ad-Hoc|Any CPU.Build.0 = Debug|Any CPU
		{B6989677-0D34-4084-8BDC-6433F9B0AC8B}.Ad-Hoc|Any CPU.Deploy.0 = Debug|Any CPU
		{B6989677-0D34-4084-8BDC-6433F9B0AC8B}.Ad-Hoc|ARM.ActiveCfg = Debug|Any CPU
		{B6989677-0D34-4084-8BDC-6433F9B0AC8B}.Ad-Hoc|ARM.Build.0 = Debug|Any CPU
		{B6989677-0D34-4084-8BDC-6433F9B0AC8B}.Ad-Hoc|ARM.Deploy.0 = Debug|Any CPU
		{B6989677-0D34-4084-8BDC-6433F9B0AC8B}.Ad-Hoc|ARM64.ActiveCfg = Debug|Any CPU
		{B6989677-0D34-4084-8BDC-6433F9B0AC8B}.Ad-Hoc|ARM64.Build.0 = Debug|Any CPU
		{B6989677-0D34-4084-8BDC-6433F9B0AC8B}.Ad-Hoc|ARM64.Deploy.0 = Debug|Any CPU
		{B6989677-0D34-4084-8BDC-6433F9B0AC8B}.Ad-Hoc|iPhone.ActiveCfg = Debug|Any CPU
		{B6989677-0D34-4084-8BDC-6433F9B0AC8B}.Ad-Hoc|iPhone.Build.0 = Debug|Any CPU
		{B6989677-0D34-4084-8BDC-6433F9B0AC8B}.Ad-Hoc|iPhone.Deploy.0 = Debug|Any CPU
		{B6989677-0D34-4084-8BDC-6433F9B0AC8B}.Ad-Hoc|iPhoneSimulator.ActiveCfg = Debug|Any CPU
		{B6989677-0D34-4084-8BDC-6433F9B0AC8B}.Ad-Hoc|iPhoneSimulator.Build.0 = Debug|Any CPU
		{B6989677-0D34-4084-8BDC-6433F9B0AC8B}.Ad-Hoc|iPhoneSimulator.Deploy.0 = Debug|Any CPU
		{B6989677-0D34-4084-8BDC-6433F9B0AC8B}.Ad-Hoc|x64.ActiveCfg = Debug|Any CPU
		{B6989677-0D34-4084-8BDC-6433F9B0AC8B}.Ad-Hoc|x64.Build.0 = Debug|Any CPU
		{B6989677-0D34-4084-8BDC-6433F9B0AC8B}.Ad-Hoc|x64.Deploy.0 = Debug|Any CPU
		{B6989677-0D34-4084-8BDC-6433F9B0AC8B}.Ad-Hoc|x86.ActiveCfg = Debug|Any CPU
		{B6989677-0D34-4084-8BDC-6433F9B0AC8B}.Ad-Hoc|x86.Build.0 = Debug|Any CPU
		{B6989677-0D34-4084-8BDC-6433F9B0AC8B}.Ad-Hoc|x86.Deploy.0 = Debug|Any CPU
		{B6989677-0D34-4084-8BDC-6433F9B0AC8B}.AppStore|Any CPU.ActiveCfg = Debug|Any CPU
		{B6989677-0D34-4084-8BDC-6433F9B0AC8B}.AppStore|Any CPU.Build.0 = Debug|Any CPU
		{B6989677-0D34-4084-8BDC-6433F9B0AC8B}.AppStore|Any CPU.Deploy.0 = Debug|Any CPU
		{B6989677-0D34-4084-8BDC-6433F9B0AC8B}.AppStore|ARM.ActiveCfg = Debug|Any CPU
		{B6989677-0D34-4084-8BDC-6433F9B0AC8B}.AppStore|ARM.Build.0 = Debug|Any CPU
		{B6989677-0D34-4084-8BDC-6433F9B0AC8B}.AppStore|ARM.Deploy.0 = Debug|Any CPU
		{B6989677-0D34-4084-8BDC-6433F9B0AC8B}.AppStore|ARM64.ActiveCfg = Debug|Any CPU
		{B6989677-0D34-4084-8BDC-6433F9B0AC8B}.AppStore|ARM64.Build.0 = Debug|Any CPU
		{B6989677-0D34-4084-8BDC-6433F9B0AC8B}.AppStore|ARM64.Deploy.0 = Debug|Any CPU
		{B6989677-0D34-4084-8BDC-6433F9B0AC8B}.AppStore|iPhone.ActiveCfg = Debug|Any CPU
		{B6989677-0D34-4084-8BDC-6433F9B0AC8B}.AppStore|iPhone.Build.0 = Debug|Any CPU
		{B6989677-0D34-4084-8BDC-6433F9B0AC8B}.AppStore|iPhone.Deploy.0 = Debug|Any CPU
		{B6989677-0D34-4084-8BDC-6433F9B0AC8B}.AppStore|iPhoneSimulator.ActiveCfg = Debug|Any CPU
		{B6989677-0D34-4084-8BDC-6433F9B0AC8B}.AppStore|iPhoneSimulator.Build.0 = Debug|Any CPU
		{B6989677-0D34-4084-8BDC-6433F9B0AC8B}.AppStore|iPhoneSimulator.Deploy.0 = Debug|Any CPU
		{B6989677-0D34-4084-8BDC-6433F9B0AC8B}.AppStore|x64.ActiveCfg = Debug|Any CPU
		{B6989677-0D34-4084-8BDC-6433F9B0AC8B}.AppStore|x64.Build.0 = Debug|Any CPU
		{B6989677-0D34-4084-8BDC-6433F9B0AC8B}.AppStore|x64.Deploy.0 = Debug|Any CPU
		{B6989677-0D34-4084-8BDC-6433F9B0AC8B}.AppStore|x86.ActiveCfg = Debug|Any CPU
		{B6989677-0D34-4084-8BDC-6433F9B0AC8B}.AppStore|x86.Build.0 = Debug|Any CPU
		{B6989677-0D34-4084-8BDC-6433F9B0AC8B}.AppStore|x86.Deploy.0 = Debug|Any CPU
		{B6989677-0D34-4084-8BDC-6433F9B0AC8B}.Debug|Any CPU.ActiveCfg = Debug|Any CPU
		{B6989677-0D34-4084-8BDC-6433F9B0AC8B}.Debug|Any CPU.Build.0 = Debug|Any CPU
		{B6989677-0D34-4084-8BDC-6433F9B0AC8B}.Debug|Any CPU.Deploy.0 = Debug|Any CPU
		{B6989677-0D34-4084-8BDC-6433F9B0AC8B}.Debug|ARM.ActiveCfg = Debug|Any CPU
		{B6989677-0D34-4084-8BDC-6433F9B0AC8B}.Debug|ARM.Build.0 = Debug|Any CPU
		{B6989677-0D34-4084-8BDC-6433F9B0AC8B}.Debug|ARM.Deploy.0 = Debug|Any CPU
		{B6989677-0D34-4084-8BDC-6433F9B0AC8B}.Debug|ARM64.ActiveCfg = Debug|Any CPU
		{B6989677-0D34-4084-8BDC-6433F9B0AC8B}.Debug|ARM64.Build.0 = Debug|Any CPU
		{B6989677-0D34-4084-8BDC-6433F9B0AC8B}.Debug|ARM64.Deploy.0 = Debug|Any CPU
		{B6989677-0D34-4084-8BDC-6433F9B0AC8B}.Debug|iPhone.ActiveCfg = Debug|Any CPU
		{B6989677-0D34-4084-8BDC-6433F9B0AC8B}.Debug|iPhone.Build.0 = Debug|Any CPU
		{B6989677-0D34-4084-8BDC-6433F9B0AC8B}.Debug|iPhone.Deploy.0 = Debug|Any CPU
		{B6989677-0D34-4084-8BDC-6433F9B0AC8B}.Debug|iPhoneSimulator.ActiveCfg = Debug|Any CPU
		{B6989677-0D34-4084-8BDC-6433F9B0AC8B}.Debug|iPhoneSimulator.Build.0 = Debug|Any CPU
		{B6989677-0D34-4084-8BDC-6433F9B0AC8B}.Debug|iPhoneSimulator.Deploy.0 = Debug|Any CPU
		{B6989677-0D34-4084-8BDC-6433F9B0AC8B}.Debug|x64.ActiveCfg = Debug|Any CPU
		{B6989677-0D34-4084-8BDC-6433F9B0AC8B}.Debug|x64.Build.0 = Debug|Any CPU
		{B6989677-0D34-4084-8BDC-6433F9B0AC8B}.Debug|x64.Deploy.0 = Debug|Any CPU
		{B6989677-0D34-4084-8BDC-6433F9B0AC8B}.Debug|x86.ActiveCfg = Debug|Any CPU
		{B6989677-0D34-4084-8BDC-6433F9B0AC8B}.Debug|x86.Build.0 = Debug|Any CPU
		{B6989677-0D34-4084-8BDC-6433F9B0AC8B}.Debug|x86.Deploy.0 = Debug|Any CPU
		{B6989677-0D34-4084-8BDC-6433F9B0AC8B}.Release|Any CPU.ActiveCfg = Release|Any CPU
		{B6989677-0D34-4084-8BDC-6433F9B0AC8B}.Release|Any CPU.Build.0 = Release|Any CPU
		{B6989677-0D34-4084-8BDC-6433F9B0AC8B}.Release|Any CPU.Deploy.0 = Release|Any CPU
		{B6989677-0D34-4084-8BDC-6433F9B0AC8B}.Release|ARM.ActiveCfg = Release|Any CPU
		{B6989677-0D34-4084-8BDC-6433F9B0AC8B}.Release|ARM.Build.0 = Release|Any CPU
		{B6989677-0D34-4084-8BDC-6433F9B0AC8B}.Release|ARM.Deploy.0 = Release|Any CPU
		{B6989677-0D34-4084-8BDC-6433F9B0AC8B}.Release|ARM64.ActiveCfg = Release|Any CPU
		{B6989677-0D34-4084-8BDC-6433F9B0AC8B}.Release|ARM64.Build.0 = Release|Any CPU
		{B6989677-0D34-4084-8BDC-6433F9B0AC8B}.Release|ARM64.Deploy.0 = Release|Any CPU
		{B6989677-0D34-4084-8BDC-6433F9B0AC8B}.Release|iPhone.ActiveCfg = Release|Any CPU
		{B6989677-0D34-4084-8BDC-6433F9B0AC8B}.Release|iPhone.Build.0 = Release|Any CPU
		{B6989677-0D34-4084-8BDC-6433F9B0AC8B}.Release|iPhone.Deploy.0 = Release|Any CPU
		{B6989677-0D34-4084-8BDC-6433F9B0AC8B}.Release|iPhoneSimulator.ActiveCfg = Release|Any CPU
		{B6989677-0D34-4084-8BDC-6433F9B0AC8B}.Release|iPhoneSimulator.Build.0 = Release|Any CPU
		{B6989677-0D34-4084-8BDC-6433F9B0AC8B}.Release|iPhoneSimulator.Deploy.0 = Release|Any CPU
		{B6989677-0D34-4084-8BDC-6433F9B0AC8B}.Release|x64.ActiveCfg = Release|Any CPU
		{B6989677-0D34-4084-8BDC-6433F9B0AC8B}.Release|x64.Build.0 = Release|Any CPU
		{B6989677-0D34-4084-8BDC-6433F9B0AC8B}.Release|x64.Deploy.0 = Release|Any CPU
		{B6989677-0D34-4084-8BDC-6433F9B0AC8B}.Release|x86.ActiveCfg = Release|Any CPU
		{B6989677-0D34-4084-8BDC-6433F9B0AC8B}.Release|x86.Build.0 = Release|Any CPU
		{B6989677-0D34-4084-8BDC-6433F9B0AC8B}.Release|x86.Deploy.0 = Release|Any CPU
		{832EEF9D-FBFD-4928-A16E-0819FB77BBBA}.Ad-Hoc|Any CPU.ActiveCfg = Ad-Hoc|iPhoneSimulator
		{832EEF9D-FBFD-4928-A16E-0819FB77BBBA}.Ad-Hoc|ARM.ActiveCfg = Ad-Hoc|iPhoneSimulator
		{832EEF9D-FBFD-4928-A16E-0819FB77BBBA}.Ad-Hoc|ARM64.ActiveCfg = Ad-Hoc|iPhoneSimulator
		{832EEF9D-FBFD-4928-A16E-0819FB77BBBA}.Ad-Hoc|iPhone.ActiveCfg = Ad-Hoc|iPhone
		{832EEF9D-FBFD-4928-A16E-0819FB77BBBA}.Ad-Hoc|iPhone.Build.0 = Ad-Hoc|iPhone
		{832EEF9D-FBFD-4928-A16E-0819FB77BBBA}.Ad-Hoc|iPhoneSimulator.ActiveCfg = Ad-Hoc|iPhoneSimulator
		{832EEF9D-FBFD-4928-A16E-0819FB77BBBA}.Ad-Hoc|iPhoneSimulator.Build.0 = Ad-Hoc|iPhoneSimulator
		{832EEF9D-FBFD-4928-A16E-0819FB77BBBA}.Ad-Hoc|x64.ActiveCfg = Ad-Hoc|iPhoneSimulator
		{832EEF9D-FBFD-4928-A16E-0819FB77BBBA}.Ad-Hoc|x86.ActiveCfg = Ad-Hoc|iPhoneSimulator
		{832EEF9D-FBFD-4928-A16E-0819FB77BBBA}.AppStore|Any CPU.ActiveCfg = AppStore|iPhoneSimulator
		{832EEF9D-FBFD-4928-A16E-0819FB77BBBA}.AppStore|ARM.ActiveCfg = AppStore|iPhoneSimulator
		{832EEF9D-FBFD-4928-A16E-0819FB77BBBA}.AppStore|ARM64.ActiveCfg = AppStore|iPhoneSimulator
		{832EEF9D-FBFD-4928-A16E-0819FB77BBBA}.AppStore|iPhone.ActiveCfg = AppStore|iPhone
		{832EEF9D-FBFD-4928-A16E-0819FB77BBBA}.AppStore|iPhone.Build.0 = AppStore|iPhone
		{832EEF9D-FBFD-4928-A16E-0819FB77BBBA}.AppStore|iPhoneSimulator.ActiveCfg = AppStore|iPhoneSimulator
		{832EEF9D-FBFD-4928-A16E-0819FB77BBBA}.AppStore|iPhoneSimulator.Build.0 = AppStore|iPhoneSimulator
		{832EEF9D-FBFD-4928-A16E-0819FB77BBBA}.AppStore|x64.ActiveCfg = AppStore|iPhoneSimulator
		{832EEF9D-FBFD-4928-A16E-0819FB77BBBA}.AppStore|x86.ActiveCfg = AppStore|iPhoneSimulator
		{832EEF9D-FBFD-4928-A16E-0819FB77BBBA}.Debug|Any CPU.ActiveCfg = Debug|iPhoneSimulator
		{832EEF9D-FBFD-4928-A16E-0819FB77BBBA}.Debug|ARM.ActiveCfg = Debug|iPhoneSimulator
		{832EEF9D-FBFD-4928-A16E-0819FB77BBBA}.Debug|ARM64.ActiveCfg = Debug|iPhoneSimulator
		{832EEF9D-FBFD-4928-A16E-0819FB77BBBA}.Debug|iPhone.ActiveCfg = Debug|iPhone
		{832EEF9D-FBFD-4928-A16E-0819FB77BBBA}.Debug|iPhone.Build.0 = Debug|iPhone
		{832EEF9D-FBFD-4928-A16E-0819FB77BBBA}.Debug|iPhoneSimulator.ActiveCfg = Debug|iPhoneSimulator
		{832EEF9D-FBFD-4928-A16E-0819FB77BBBA}.Debug|iPhoneSimulator.Build.0 = Debug|iPhoneSimulator
		{832EEF9D-FBFD-4928-A16E-0819FB77BBBA}.Debug|x64.ActiveCfg = Debug|iPhoneSimulator
		{832EEF9D-FBFD-4928-A16E-0819FB77BBBA}.Debug|x86.ActiveCfg = Debug|iPhoneSimulator
		{832EEF9D-FBFD-4928-A16E-0819FB77BBBA}.Release|Any CPU.ActiveCfg = Release|iPhoneSimulator
		{832EEF9D-FBFD-4928-A16E-0819FB77BBBA}.Release|ARM.ActiveCfg = Release|iPhoneSimulator
		{832EEF9D-FBFD-4928-A16E-0819FB77BBBA}.Release|ARM64.ActiveCfg = Release|iPhoneSimulator
		{832EEF9D-FBFD-4928-A16E-0819FB77BBBA}.Release|iPhone.ActiveCfg = Release|iPhone
		{832EEF9D-FBFD-4928-A16E-0819FB77BBBA}.Release|iPhone.Build.0 = Release|iPhone
		{832EEF9D-FBFD-4928-A16E-0819FB77BBBA}.Release|iPhoneSimulator.ActiveCfg = Release|iPhoneSimulator
		{832EEF9D-FBFD-4928-A16E-0819FB77BBBA}.Release|iPhoneSimulator.Build.0 = Release|iPhoneSimulator
		{832EEF9D-FBFD-4928-A16E-0819FB77BBBA}.Release|x64.ActiveCfg = Release|iPhoneSimulator
		{832EEF9D-FBFD-4928-A16E-0819FB77BBBA}.Release|x86.ActiveCfg = Release|iPhoneSimulator
		{FFA67DD5-5521-4595-9E91-FD7A41ED121E}.Ad-Hoc|Any CPU.ActiveCfg = Debug|x86
		{FFA67DD5-5521-4595-9E91-FD7A41ED121E}.Ad-Hoc|Any CPU.Build.0 = Debug|x86
		{FFA67DD5-5521-4595-9E91-FD7A41ED121E}.Ad-Hoc|Any CPU.Deploy.0 = Debug|x86
		{FFA67DD5-5521-4595-9E91-FD7A41ED121E}.Ad-Hoc|ARM.ActiveCfg = Debug|ARM
		{FFA67DD5-5521-4595-9E91-FD7A41ED121E}.Ad-Hoc|ARM.Build.0 = Debug|ARM
		{FFA67DD5-5521-4595-9E91-FD7A41ED121E}.Ad-Hoc|ARM.Deploy.0 = Debug|ARM
		{FFA67DD5-5521-4595-9E91-FD7A41ED121E}.Ad-Hoc|ARM64.ActiveCfg = Debug|ARM64
		{FFA67DD5-5521-4595-9E91-FD7A41ED121E}.Ad-Hoc|ARM64.Build.0 = Debug|ARM64
		{FFA67DD5-5521-4595-9E91-FD7A41ED121E}.Ad-Hoc|ARM64.Deploy.0 = Debug|ARM64
		{FFA67DD5-5521-4595-9E91-FD7A41ED121E}.Ad-Hoc|iPhone.ActiveCfg = Debug|x86
		{FFA67DD5-5521-4595-9E91-FD7A41ED121E}.Ad-Hoc|iPhone.Build.0 = Debug|x86
		{FFA67DD5-5521-4595-9E91-FD7A41ED121E}.Ad-Hoc|iPhone.Deploy.0 = Debug|x86
		{FFA67DD5-5521-4595-9E91-FD7A41ED121E}.Ad-Hoc|iPhoneSimulator.ActiveCfg = Debug|x86
		{FFA67DD5-5521-4595-9E91-FD7A41ED121E}.Ad-Hoc|iPhoneSimulator.Build.0 = Debug|x86
		{FFA67DD5-5521-4595-9E91-FD7A41ED121E}.Ad-Hoc|iPhoneSimulator.Deploy.0 = Debug|x86
		{FFA67DD5-5521-4595-9E91-FD7A41ED121E}.Ad-Hoc|x64.ActiveCfg = Debug|x64
		{FFA67DD5-5521-4595-9E91-FD7A41ED121E}.Ad-Hoc|x64.Build.0 = Debug|x64
		{FFA67DD5-5521-4595-9E91-FD7A41ED121E}.Ad-Hoc|x64.Deploy.0 = Debug|x64
		{FFA67DD5-5521-4595-9E91-FD7A41ED121E}.Ad-Hoc|x86.ActiveCfg = Debug|x86
		{FFA67DD5-5521-4595-9E91-FD7A41ED121E}.Ad-Hoc|x86.Build.0 = Debug|x86
		{FFA67DD5-5521-4595-9E91-FD7A41ED121E}.Ad-Hoc|x86.Deploy.0 = Debug|x86
		{FFA67DD5-5521-4595-9E91-FD7A41ED121E}.AppStore|Any CPU.ActiveCfg = Debug|x86
		{FFA67DD5-5521-4595-9E91-FD7A41ED121E}.AppStore|Any CPU.Build.0 = Debug|x86
		{FFA67DD5-5521-4595-9E91-FD7A41ED121E}.AppStore|Any CPU.Deploy.0 = Debug|x86
		{FFA67DD5-5521-4595-9E91-FD7A41ED121E}.AppStore|ARM.ActiveCfg = Debug|ARM
		{FFA67DD5-5521-4595-9E91-FD7A41ED121E}.AppStore|ARM.Build.0 = Debug|ARM
		{FFA67DD5-5521-4595-9E91-FD7A41ED121E}.AppStore|ARM.Deploy.0 = Debug|ARM
		{FFA67DD5-5521-4595-9E91-FD7A41ED121E}.AppStore|ARM64.ActiveCfg = Debug|ARM64
		{FFA67DD5-5521-4595-9E91-FD7A41ED121E}.AppStore|ARM64.Build.0 = Debug|ARM64
		{FFA67DD5-5521-4595-9E91-FD7A41ED121E}.AppStore|ARM64.Deploy.0 = Debug|ARM64
		{FFA67DD5-5521-4595-9E91-FD7A41ED121E}.AppStore|iPhone.ActiveCfg = Debug|x86
		{FFA67DD5-5521-4595-9E91-FD7A41ED121E}.AppStore|iPhone.Build.0 = Debug|x86
		{FFA67DD5-5521-4595-9E91-FD7A41ED121E}.AppStore|iPhone.Deploy.0 = Debug|x86
		{FFA67DD5-5521-4595-9E91-FD7A41ED121E}.AppStore|iPhoneSimulator.ActiveCfg = Debug|x86
		{FFA67DD5-5521-4595-9E91-FD7A41ED121E}.AppStore|iPhoneSimulator.Build.0 = Debug|x86
		{FFA67DD5-5521-4595-9E91-FD7A41ED121E}.AppStore|iPhoneSimulator.Deploy.0 = Debug|x86
		{FFA67DD5-5521-4595-9E91-FD7A41ED121E}.AppStore|x64.ActiveCfg = Debug|x64
		{FFA67DD5-5521-4595-9E91-FD7A41ED121E}.AppStore|x64.Build.0 = Debug|x64
		{FFA67DD5-5521-4595-9E91-FD7A41ED121E}.AppStore|x64.Deploy.0 = Debug|x64
		{FFA67DD5-5521-4595-9E91-FD7A41ED121E}.AppStore|x86.ActiveCfg = Debug|x86
		{FFA67DD5-5521-4595-9E91-FD7A41ED121E}.AppStore|x86.Build.0 = Debug|x86
		{FFA67DD5-5521-4595-9E91-FD7A41ED121E}.AppStore|x86.Deploy.0 = Debug|x86
		{FFA67DD5-5521-4595-9E91-FD7A41ED121E}.Debug|Any CPU.ActiveCfg = Debug|x86
		{FFA67DD5-5521-4595-9E91-FD7A41ED121E}.Debug|Any CPU.Build.0 = Debug|x86
		{FFA67DD5-5521-4595-9E91-FD7A41ED121E}.Debug|Any CPU.Deploy.0 = Debug|x86
		{FFA67DD5-5521-4595-9E91-FD7A41ED121E}.Debug|ARM.ActiveCfg = Debug|ARM
		{FFA67DD5-5521-4595-9E91-FD7A41ED121E}.Debug|ARM.Build.0 = Debug|ARM
		{FFA67DD5-5521-4595-9E91-FD7A41ED121E}.Debug|ARM.Deploy.0 = Debug|ARM
		{FFA67DD5-5521-4595-9E91-FD7A41ED121E}.Debug|ARM64.ActiveCfg = Debug|ARM64
		{FFA67DD5-5521-4595-9E91-FD7A41ED121E}.Debug|ARM64.Build.0 = Debug|ARM64
		{FFA67DD5-5521-4595-9E91-FD7A41ED121E}.Debug|ARM64.Deploy.0 = Debug|ARM64
		{FFA67DD5-5521-4595-9E91-FD7A41ED121E}.Debug|iPhone.ActiveCfg = Debug|x86
		{FFA67DD5-5521-4595-9E91-FD7A41ED121E}.Debug|iPhoneSimulator.ActiveCfg = Debug|x86
		{FFA67DD5-5521-4595-9E91-FD7A41ED121E}.Debug|x64.ActiveCfg = Debug|x64
		{FFA67DD5-5521-4595-9E91-FD7A41ED121E}.Debug|x64.Build.0 = Debug|x64
		{FFA67DD5-5521-4595-9E91-FD7A41ED121E}.Debug|x64.Deploy.0 = Debug|x64
		{FFA67DD5-5521-4595-9E91-FD7A41ED121E}.Debug|x86.ActiveCfg = Debug|x86
		{FFA67DD5-5521-4595-9E91-FD7A41ED121E}.Debug|x86.Build.0 = Debug|x86
		{FFA67DD5-5521-4595-9E91-FD7A41ED121E}.Debug|x86.Deploy.0 = Debug|x86
		{FFA67DD5-5521-4595-9E91-FD7A41ED121E}.Release|Any CPU.ActiveCfg = Release|x86
		{FFA67DD5-5521-4595-9E91-FD7A41ED121E}.Release|ARM.ActiveCfg = Release|ARM
		{FFA67DD5-5521-4595-9E91-FD7A41ED121E}.Release|ARM.Build.0 = Release|ARM
		{FFA67DD5-5521-4595-9E91-FD7A41ED121E}.Release|ARM.Deploy.0 = Release|ARM
		{FFA67DD5-5521-4595-9E91-FD7A41ED121E}.Release|ARM64.ActiveCfg = Release|ARM64
		{FFA67DD5-5521-4595-9E91-FD7A41ED121E}.Release|ARM64.Build.0 = Release|ARM64
		{FFA67DD5-5521-4595-9E91-FD7A41ED121E}.Release|ARM64.Deploy.0 = Release|ARM64
		{FFA67DD5-5521-4595-9E91-FD7A41ED121E}.Release|iPhone.ActiveCfg = Release|x86
		{FFA67DD5-5521-4595-9E91-FD7A41ED121E}.Release|iPhoneSimulator.ActiveCfg = Release|x86
		{FFA67DD5-5521-4595-9E91-FD7A41ED121E}.Release|x64.ActiveCfg = Release|x64
		{FFA67DD5-5521-4595-9E91-FD7A41ED121E}.Release|x64.Build.0 = Release|x64
		{FFA67DD5-5521-4595-9E91-FD7A41ED121E}.Release|x64.Deploy.0 = Release|x64
		{FFA67DD5-5521-4595-9E91-FD7A41ED121E}.Release|x86.ActiveCfg = Release|x86
		{FFA67DD5-5521-4595-9E91-FD7A41ED121E}.Release|x86.Build.0 = Release|x86
		{FFA67DD5-5521-4595-9E91-FD7A41ED121E}.Release|x86.Deploy.0 = Release|x86
		{A7517501-805C-407D-8571-A7F350FD1D1E}.Ad-Hoc|Any CPU.ActiveCfg = Debug|Any CPU
		{A7517501-805C-407D-8571-A7F350FD1D1E}.Ad-Hoc|Any CPU.Build.0 = Debug|Any CPU
		{A7517501-805C-407D-8571-A7F350FD1D1E}.Ad-Hoc|ARM.ActiveCfg = Debug|Any CPU
		{A7517501-805C-407D-8571-A7F350FD1D1E}.Ad-Hoc|ARM.Build.0 = Debug|Any CPU
		{A7517501-805C-407D-8571-A7F350FD1D1E}.Ad-Hoc|ARM64.ActiveCfg = Debug|Any CPU
		{A7517501-805C-407D-8571-A7F350FD1D1E}.Ad-Hoc|ARM64.Build.0 = Debug|Any CPU
		{A7517501-805C-407D-8571-A7F350FD1D1E}.Ad-Hoc|iPhone.ActiveCfg = Debug|Any CPU
		{A7517501-805C-407D-8571-A7F350FD1D1E}.Ad-Hoc|iPhone.Build.0 = Debug|Any CPU
		{A7517501-805C-407D-8571-A7F350FD1D1E}.Ad-Hoc|iPhoneSimulator.ActiveCfg = Debug|Any CPU
		{A7517501-805C-407D-8571-A7F350FD1D1E}.Ad-Hoc|iPhoneSimulator.Build.0 = Debug|Any CPU
		{A7517501-805C-407D-8571-A7F350FD1D1E}.Ad-Hoc|x64.ActiveCfg = Debug|Any CPU
		{A7517501-805C-407D-8571-A7F350FD1D1E}.Ad-Hoc|x64.Build.0 = Debug|Any CPU
		{A7517501-805C-407D-8571-A7F350FD1D1E}.Ad-Hoc|x86.ActiveCfg = Debug|Any CPU
		{A7517501-805C-407D-8571-A7F350FD1D1E}.Ad-Hoc|x86.Build.0 = Debug|Any CPU
		{A7517501-805C-407D-8571-A7F350FD1D1E}.AppStore|Any CPU.ActiveCfg = Debug|Any CPU
		{A7517501-805C-407D-8571-A7F350FD1D1E}.AppStore|Any CPU.Build.0 = Debug|Any CPU
		{A7517501-805C-407D-8571-A7F350FD1D1E}.AppStore|ARM.ActiveCfg = Debug|Any CPU
		{A7517501-805C-407D-8571-A7F350FD1D1E}.AppStore|ARM.Build.0 = Debug|Any CPU
		{A7517501-805C-407D-8571-A7F350FD1D1E}.AppStore|ARM64.ActiveCfg = Debug|Any CPU
		{A7517501-805C-407D-8571-A7F350FD1D1E}.AppStore|ARM64.Build.0 = Debug|Any CPU
		{A7517501-805C-407D-8571-A7F350FD1D1E}.AppStore|iPhone.ActiveCfg = Debug|Any CPU
		{A7517501-805C-407D-8571-A7F350FD1D1E}.AppStore|iPhone.Build.0 = Debug|Any CPU
		{A7517501-805C-407D-8571-A7F350FD1D1E}.AppStore|iPhoneSimulator.ActiveCfg = Debug|Any CPU
		{A7517501-805C-407D-8571-A7F350FD1D1E}.AppStore|iPhoneSimulator.Build.0 = Debug|Any CPU
		{A7517501-805C-407D-8571-A7F350FD1D1E}.AppStore|x64.ActiveCfg = Debug|Any CPU
		{A7517501-805C-407D-8571-A7F350FD1D1E}.AppStore|x64.Build.0 = Debug|Any CPU
		{A7517501-805C-407D-8571-A7F350FD1D1E}.AppStore|x86.ActiveCfg = Debug|Any CPU
		{A7517501-805C-407D-8571-A7F350FD1D1E}.AppStore|x86.Build.0 = Debug|Any CPU
		{A7517501-805C-407D-8571-A7F350FD1D1E}.Debug|Any CPU.ActiveCfg = Debug|Any CPU
		{A7517501-805C-407D-8571-A7F350FD1D1E}.Debug|Any CPU.Build.0 = Debug|Any CPU
		{A7517501-805C-407D-8571-A7F350FD1D1E}.Debug|ARM.ActiveCfg = Debug|Any CPU
		{A7517501-805C-407D-8571-A7F350FD1D1E}.Debug|ARM.Build.0 = Debug|Any CPU
		{A7517501-805C-407D-8571-A7F350FD1D1E}.Debug|ARM64.ActiveCfg = Debug|Any CPU
		{A7517501-805C-407D-8571-A7F350FD1D1E}.Debug|ARM64.Build.0 = Debug|Any CPU
		{A7517501-805C-407D-8571-A7F350FD1D1E}.Debug|iPhone.ActiveCfg = Debug|Any CPU
		{A7517501-805C-407D-8571-A7F350FD1D1E}.Debug|iPhone.Build.0 = Debug|Any CPU
		{A7517501-805C-407D-8571-A7F350FD1D1E}.Debug|iPhoneSimulator.ActiveCfg = Debug|Any CPU
		{A7517501-805C-407D-8571-A7F350FD1D1E}.Debug|iPhoneSimulator.Build.0 = Debug|Any CPU
		{A7517501-805C-407D-8571-A7F350FD1D1E}.Debug|x64.ActiveCfg = Debug|Any CPU
		{A7517501-805C-407D-8571-A7F350FD1D1E}.Debug|x64.Build.0 = Debug|Any CPU
		{A7517501-805C-407D-8571-A7F350FD1D1E}.Debug|x86.ActiveCfg = Debug|Any CPU
		{A7517501-805C-407D-8571-A7F350FD1D1E}.Debug|x86.Build.0 = Debug|Any CPU
		{A7517501-805C-407D-8571-A7F350FD1D1E}.Release|Any CPU.ActiveCfg = Release|Any CPU
		{A7517501-805C-407D-8571-A7F350FD1D1E}.Release|Any CPU.Build.0 = Release|Any CPU
		{A7517501-805C-407D-8571-A7F350FD1D1E}.Release|ARM.ActiveCfg = Release|Any CPU
		{A7517501-805C-407D-8571-A7F350FD1D1E}.Release|ARM.Build.0 = Release|Any CPU
		{A7517501-805C-407D-8571-A7F350FD1D1E}.Release|ARM64.ActiveCfg = Release|Any CPU
		{A7517501-805C-407D-8571-A7F350FD1D1E}.Release|ARM64.Build.0 = Release|Any CPU
		{A7517501-805C-407D-8571-A7F350FD1D1E}.Release|iPhone.ActiveCfg = Release|Any CPU
		{A7517501-805C-407D-8571-A7F350FD1D1E}.Release|iPhone.Build.0 = Release|Any CPU
		{A7517501-805C-407D-8571-A7F350FD1D1E}.Release|iPhoneSimulator.ActiveCfg = Release|Any CPU
		{A7517501-805C-407D-8571-A7F350FD1D1E}.Release|iPhoneSimulator.Build.0 = Release|Any CPU
		{A7517501-805C-407D-8571-A7F350FD1D1E}.Release|x64.ActiveCfg = Release|Any CPU
		{A7517501-805C-407D-8571-A7F350FD1D1E}.Release|x64.Build.0 = Release|Any CPU
		{A7517501-805C-407D-8571-A7F350FD1D1E}.Release|x86.ActiveCfg = Release|Any CPU
		{A7517501-805C-407D-8571-A7F350FD1D1E}.Release|x86.Build.0 = Release|Any CPU
		{D51AF163-2EA9-4004-AFE5-F7E913233AA8}.Ad-Hoc|Any CPU.ActiveCfg = Debug|iPhoneSimulator
		{D51AF163-2EA9-4004-AFE5-F7E913233AA8}.Ad-Hoc|Any CPU.Build.0 = Debug|iPhoneSimulator
		{D51AF163-2EA9-4004-AFE5-F7E913233AA8}.Ad-Hoc|ARM.ActiveCfg = Debug|iPhoneSimulator
		{D51AF163-2EA9-4004-AFE5-F7E913233AA8}.Ad-Hoc|ARM.Build.0 = Debug|iPhoneSimulator
		{D51AF163-2EA9-4004-AFE5-F7E913233AA8}.Ad-Hoc|ARM64.ActiveCfg = Debug|iPhoneSimulator
		{D51AF163-2EA9-4004-AFE5-F7E913233AA8}.Ad-Hoc|ARM64.Build.0 = Debug|iPhoneSimulator
		{D51AF163-2EA9-4004-AFE5-F7E913233AA8}.Ad-Hoc|iPhone.ActiveCfg = Debug|iPhoneSimulator
		{D51AF163-2EA9-4004-AFE5-F7E913233AA8}.Ad-Hoc|iPhone.Build.0 = Debug|iPhoneSimulator
		{D51AF163-2EA9-4004-AFE5-F7E913233AA8}.Ad-Hoc|iPhoneSimulator.ActiveCfg = Debug|iPhoneSimulator
		{D51AF163-2EA9-4004-AFE5-F7E913233AA8}.Ad-Hoc|iPhoneSimulator.Build.0 = Debug|iPhoneSimulator
		{D51AF163-2EA9-4004-AFE5-F7E913233AA8}.Ad-Hoc|x64.ActiveCfg = Debug|iPhoneSimulator
		{D51AF163-2EA9-4004-AFE5-F7E913233AA8}.Ad-Hoc|x64.Build.0 = Debug|iPhoneSimulator
		{D51AF163-2EA9-4004-AFE5-F7E913233AA8}.Ad-Hoc|x86.ActiveCfg = Debug|iPhoneSimulator
		{D51AF163-2EA9-4004-AFE5-F7E913233AA8}.Ad-Hoc|x86.Build.0 = Debug|iPhoneSimulator
		{D51AF163-2EA9-4004-AFE5-F7E913233AA8}.AppStore|Any CPU.ActiveCfg = Debug|iPhoneSimulator
		{D51AF163-2EA9-4004-AFE5-F7E913233AA8}.AppStore|Any CPU.Build.0 = Debug|iPhoneSimulator
		{D51AF163-2EA9-4004-AFE5-F7E913233AA8}.AppStore|ARM.ActiveCfg = Debug|iPhoneSimulator
		{D51AF163-2EA9-4004-AFE5-F7E913233AA8}.AppStore|ARM.Build.0 = Debug|iPhoneSimulator
		{D51AF163-2EA9-4004-AFE5-F7E913233AA8}.AppStore|ARM64.ActiveCfg = Debug|iPhoneSimulator
		{D51AF163-2EA9-4004-AFE5-F7E913233AA8}.AppStore|ARM64.Build.0 = Debug|iPhoneSimulator
		{D51AF163-2EA9-4004-AFE5-F7E913233AA8}.AppStore|iPhone.ActiveCfg = Debug|iPhoneSimulator
		{D51AF163-2EA9-4004-AFE5-F7E913233AA8}.AppStore|iPhone.Build.0 = Debug|iPhoneSimulator
		{D51AF163-2EA9-4004-AFE5-F7E913233AA8}.AppStore|iPhoneSimulator.ActiveCfg = Debug|iPhoneSimulator
		{D51AF163-2EA9-4004-AFE5-F7E913233AA8}.AppStore|iPhoneSimulator.Build.0 = Debug|iPhoneSimulator
		{D51AF163-2EA9-4004-AFE5-F7E913233AA8}.AppStore|x64.ActiveCfg = Debug|iPhoneSimulator
		{D51AF163-2EA9-4004-AFE5-F7E913233AA8}.AppStore|x64.Build.0 = Debug|iPhoneSimulator
		{D51AF163-2EA9-4004-AFE5-F7E913233AA8}.AppStore|x86.ActiveCfg = Debug|iPhoneSimulator
		{D51AF163-2EA9-4004-AFE5-F7E913233AA8}.AppStore|x86.Build.0 = Debug|iPhoneSimulator
		{D51AF163-2EA9-4004-AFE5-F7E913233AA8}.Debug|Any CPU.ActiveCfg = Debug|iPhoneSimulator
		{D51AF163-2EA9-4004-AFE5-F7E913233AA8}.Debug|ARM.ActiveCfg = Debug|iPhoneSimulator
		{D51AF163-2EA9-4004-AFE5-F7E913233AA8}.Debug|ARM64.ActiveCfg = Debug|iPhoneSimulator
		{D51AF163-2EA9-4004-AFE5-F7E913233AA8}.Debug|iPhone.ActiveCfg = Debug|iPhoneSimulator
		{D51AF163-2EA9-4004-AFE5-F7E913233AA8}.Debug|iPhoneSimulator.ActiveCfg = Debug|iPhoneSimulator
		{D51AF163-2EA9-4004-AFE5-F7E913233AA8}.Debug|iPhoneSimulator.Build.0 = Debug|iPhoneSimulator
		{D51AF163-2EA9-4004-AFE5-F7E913233AA8}.Debug|x64.ActiveCfg = Debug|iPhoneSimulator
		{D51AF163-2EA9-4004-AFE5-F7E913233AA8}.Debug|x86.ActiveCfg = Debug|iPhoneSimulator
		{D51AF163-2EA9-4004-AFE5-F7E913233AA8}.Release|Any CPU.ActiveCfg = Release|iPhoneSimulator
		{D51AF163-2EA9-4004-AFE5-F7E913233AA8}.Release|ARM.ActiveCfg = Release|iPhoneSimulator
		{D51AF163-2EA9-4004-AFE5-F7E913233AA8}.Release|ARM64.ActiveCfg = Release|iPhoneSimulator
		{D51AF163-2EA9-4004-AFE5-F7E913233AA8}.Release|iPhone.ActiveCfg = Release|iPhoneSimulator
		{D51AF163-2EA9-4004-AFE5-F7E913233AA8}.Release|iPhoneSimulator.ActiveCfg = Release|iPhoneSimulator
		{D51AF163-2EA9-4004-AFE5-F7E913233AA8}.Release|iPhoneSimulator.Build.0 = Release|iPhoneSimulator
		{D51AF163-2EA9-4004-AFE5-F7E913233AA8}.Release|x64.ActiveCfg = Release|iPhoneSimulator
		{D51AF163-2EA9-4004-AFE5-F7E913233AA8}.Release|x86.ActiveCfg = Release|iPhoneSimulator
		{ABA4734D-0175-4885-AF4C-12C231629DBF}.Ad-Hoc|Any CPU.ActiveCfg = Debug|Any CPU
		{ABA4734D-0175-4885-AF4C-12C231629DBF}.Ad-Hoc|Any CPU.Build.0 = Debug|Any CPU
		{ABA4734D-0175-4885-AF4C-12C231629DBF}.Ad-Hoc|ARM.ActiveCfg = Debug|Any CPU
		{ABA4734D-0175-4885-AF4C-12C231629DBF}.Ad-Hoc|ARM.Build.0 = Debug|Any CPU
		{ABA4734D-0175-4885-AF4C-12C231629DBF}.Ad-Hoc|ARM64.ActiveCfg = Debug|Any CPU
		{ABA4734D-0175-4885-AF4C-12C231629DBF}.Ad-Hoc|ARM64.Build.0 = Debug|Any CPU
		{ABA4734D-0175-4885-AF4C-12C231629DBF}.Ad-Hoc|iPhone.ActiveCfg = Debug|Any CPU
		{ABA4734D-0175-4885-AF4C-12C231629DBF}.Ad-Hoc|iPhone.Build.0 = Debug|Any CPU
		{ABA4734D-0175-4885-AF4C-12C231629DBF}.Ad-Hoc|iPhoneSimulator.ActiveCfg = Debug|Any CPU
		{ABA4734D-0175-4885-AF4C-12C231629DBF}.Ad-Hoc|iPhoneSimulator.Build.0 = Debug|Any CPU
		{ABA4734D-0175-4885-AF4C-12C231629DBF}.Ad-Hoc|x64.ActiveCfg = Debug|Any CPU
		{ABA4734D-0175-4885-AF4C-12C231629DBF}.Ad-Hoc|x64.Build.0 = Debug|Any CPU
		{ABA4734D-0175-4885-AF4C-12C231629DBF}.Ad-Hoc|x86.ActiveCfg = Debug|Any CPU
		{ABA4734D-0175-4885-AF4C-12C231629DBF}.Ad-Hoc|x86.Build.0 = Debug|Any CPU
		{ABA4734D-0175-4885-AF4C-12C231629DBF}.AppStore|Any CPU.ActiveCfg = Debug|Any CPU
		{ABA4734D-0175-4885-AF4C-12C231629DBF}.AppStore|Any CPU.Build.0 = Debug|Any CPU
		{ABA4734D-0175-4885-AF4C-12C231629DBF}.AppStore|ARM.ActiveCfg = Debug|Any CPU
		{ABA4734D-0175-4885-AF4C-12C231629DBF}.AppStore|ARM.Build.0 = Debug|Any CPU
		{ABA4734D-0175-4885-AF4C-12C231629DBF}.AppStore|ARM64.ActiveCfg = Debug|Any CPU
		{ABA4734D-0175-4885-AF4C-12C231629DBF}.AppStore|ARM64.Build.0 = Debug|Any CPU
		{ABA4734D-0175-4885-AF4C-12C231629DBF}.AppStore|iPhone.ActiveCfg = Debug|Any CPU
		{ABA4734D-0175-4885-AF4C-12C231629DBF}.AppStore|iPhone.Build.0 = Debug|Any CPU
		{ABA4734D-0175-4885-AF4C-12C231629DBF}.AppStore|iPhoneSimulator.ActiveCfg = Debug|Any CPU
		{ABA4734D-0175-4885-AF4C-12C231629DBF}.AppStore|iPhoneSimulator.Build.0 = Debug|Any CPU
		{ABA4734D-0175-4885-AF4C-12C231629DBF}.AppStore|x64.ActiveCfg = Debug|Any CPU
		{ABA4734D-0175-4885-AF4C-12C231629DBF}.AppStore|x64.Build.0 = Debug|Any CPU
		{ABA4734D-0175-4885-AF4C-12C231629DBF}.AppStore|x86.ActiveCfg = Debug|Any CPU
		{ABA4734D-0175-4885-AF4C-12C231629DBF}.AppStore|x86.Build.0 = Debug|Any CPU
		{ABA4734D-0175-4885-AF4C-12C231629DBF}.Debug|Any CPU.ActiveCfg = Debug|Any CPU
		{ABA4734D-0175-4885-AF4C-12C231629DBF}.Debug|Any CPU.Build.0 = Debug|Any CPU
		{ABA4734D-0175-4885-AF4C-12C231629DBF}.Debug|ARM.ActiveCfg = Debug|Any CPU
		{ABA4734D-0175-4885-AF4C-12C231629DBF}.Debug|ARM.Build.0 = Debug|Any CPU
		{ABA4734D-0175-4885-AF4C-12C231629DBF}.Debug|ARM64.ActiveCfg = Debug|Any CPU
		{ABA4734D-0175-4885-AF4C-12C231629DBF}.Debug|ARM64.Build.0 = Debug|Any CPU
		{ABA4734D-0175-4885-AF4C-12C231629DBF}.Debug|iPhone.ActiveCfg = Debug|Any CPU
		{ABA4734D-0175-4885-AF4C-12C231629DBF}.Debug|iPhone.Build.0 = Debug|Any CPU
		{ABA4734D-0175-4885-AF4C-12C231629DBF}.Debug|iPhoneSimulator.ActiveCfg = Debug|Any CPU
		{ABA4734D-0175-4885-AF4C-12C231629DBF}.Debug|iPhoneSimulator.Build.0 = Debug|Any CPU
		{ABA4734D-0175-4885-AF4C-12C231629DBF}.Debug|x64.ActiveCfg = Debug|Any CPU
		{ABA4734D-0175-4885-AF4C-12C231629DBF}.Debug|x64.Build.0 = Debug|Any CPU
		{ABA4734D-0175-4885-AF4C-12C231629DBF}.Debug|x86.ActiveCfg = Debug|Any CPU
		{ABA4734D-0175-4885-AF4C-12C231629DBF}.Debug|x86.Build.0 = Debug|Any CPU
		{ABA4734D-0175-4885-AF4C-12C231629DBF}.Release|Any CPU.ActiveCfg = Release|Any CPU
		{ABA4734D-0175-4885-AF4C-12C231629DBF}.Release|Any CPU.Build.0 = Release|Any CPU
		{ABA4734D-0175-4885-AF4C-12C231629DBF}.Release|ARM.ActiveCfg = Release|Any CPU
		{ABA4734D-0175-4885-AF4C-12C231629DBF}.Release|ARM.Build.0 = Release|Any CPU
		{ABA4734D-0175-4885-AF4C-12C231629DBF}.Release|ARM64.ActiveCfg = Release|Any CPU
		{ABA4734D-0175-4885-AF4C-12C231629DBF}.Release|ARM64.Build.0 = Release|Any CPU
		{ABA4734D-0175-4885-AF4C-12C231629DBF}.Release|iPhone.ActiveCfg = Release|Any CPU
		{ABA4734D-0175-4885-AF4C-12C231629DBF}.Release|iPhone.Build.0 = Release|Any CPU
		{ABA4734D-0175-4885-AF4C-12C231629DBF}.Release|iPhoneSimulator.ActiveCfg = Release|Any CPU
		{ABA4734D-0175-4885-AF4C-12C231629DBF}.Release|iPhoneSimulator.Build.0 = Release|Any CPU
		{ABA4734D-0175-4885-AF4C-12C231629DBF}.Release|x64.ActiveCfg = Release|Any CPU
		{ABA4734D-0175-4885-AF4C-12C231629DBF}.Release|x64.Build.0 = Release|Any CPU
		{ABA4734D-0175-4885-AF4C-12C231629DBF}.Release|x86.ActiveCfg = Release|Any CPU
		{ABA4734D-0175-4885-AF4C-12C231629DBF}.Release|x86.Build.0 = Release|Any CPU
		{BDE5E4BA-E172-4AD5-A5FF-8D640EADA992}.Ad-Hoc|Any CPU.ActiveCfg = Debug|Any CPU
		{BDE5E4BA-E172-4AD5-A5FF-8D640EADA992}.Ad-Hoc|Any CPU.Build.0 = Debug|Any CPU
		{BDE5E4BA-E172-4AD5-A5FF-8D640EADA992}.Ad-Hoc|ARM.ActiveCfg = Debug|Any CPU
		{BDE5E4BA-E172-4AD5-A5FF-8D640EADA992}.Ad-Hoc|ARM.Build.0 = Debug|Any CPU
		{BDE5E4BA-E172-4AD5-A5FF-8D640EADA992}.Ad-Hoc|ARM64.ActiveCfg = Debug|Any CPU
		{BDE5E4BA-E172-4AD5-A5FF-8D640EADA992}.Ad-Hoc|ARM64.Build.0 = Debug|Any CPU
		{BDE5E4BA-E172-4AD5-A5FF-8D640EADA992}.Ad-Hoc|iPhone.ActiveCfg = Debug|Any CPU
		{BDE5E4BA-E172-4AD5-A5FF-8D640EADA992}.Ad-Hoc|iPhone.Build.0 = Debug|Any CPU
		{BDE5E4BA-E172-4AD5-A5FF-8D640EADA992}.Ad-Hoc|iPhoneSimulator.ActiveCfg = Debug|Any CPU
		{BDE5E4BA-E172-4AD5-A5FF-8D640EADA992}.Ad-Hoc|iPhoneSimulator.Build.0 = Debug|Any CPU
		{BDE5E4BA-E172-4AD5-A5FF-8D640EADA992}.Ad-Hoc|x64.ActiveCfg = Debug|Any CPU
		{BDE5E4BA-E172-4AD5-A5FF-8D640EADA992}.Ad-Hoc|x64.Build.0 = Debug|Any CPU
		{BDE5E4BA-E172-4AD5-A5FF-8D640EADA992}.Ad-Hoc|x86.ActiveCfg = Debug|Any CPU
		{BDE5E4BA-E172-4AD5-A5FF-8D640EADA992}.Ad-Hoc|x86.Build.0 = Debug|Any CPU
		{BDE5E4BA-E172-4AD5-A5FF-8D640EADA992}.AppStore|Any CPU.ActiveCfg = Debug|Any CPU
		{BDE5E4BA-E172-4AD5-A5FF-8D640EADA992}.AppStore|Any CPU.Build.0 = Debug|Any CPU
		{BDE5E4BA-E172-4AD5-A5FF-8D640EADA992}.AppStore|ARM.ActiveCfg = Debug|Any CPU
		{BDE5E4BA-E172-4AD5-A5FF-8D640EADA992}.AppStore|ARM.Build.0 = Debug|Any CPU
		{BDE5E4BA-E172-4AD5-A5FF-8D640EADA992}.AppStore|ARM64.ActiveCfg = Debug|Any CPU
		{BDE5E4BA-E172-4AD5-A5FF-8D640EADA992}.AppStore|ARM64.Build.0 = Debug|Any CPU
		{BDE5E4BA-E172-4AD5-A5FF-8D640EADA992}.AppStore|iPhone.ActiveCfg = Debug|Any CPU
		{BDE5E4BA-E172-4AD5-A5FF-8D640EADA992}.AppStore|iPhone.Build.0 = Debug|Any CPU
		{BDE5E4BA-E172-4AD5-A5FF-8D640EADA992}.AppStore|iPhoneSimulator.ActiveCfg = Debug|Any CPU
		{BDE5E4BA-E172-4AD5-A5FF-8D640EADA992}.AppStore|iPhoneSimulator.Build.0 = Debug|Any CPU
		{BDE5E4BA-E172-4AD5-A5FF-8D640EADA992}.AppStore|x64.ActiveCfg = Debug|Any CPU
		{BDE5E4BA-E172-4AD5-A5FF-8D640EADA992}.AppStore|x64.Build.0 = Debug|Any CPU
		{BDE5E4BA-E172-4AD5-A5FF-8D640EADA992}.AppStore|x86.ActiveCfg = Debug|Any CPU
		{BDE5E4BA-E172-4AD5-A5FF-8D640EADA992}.AppStore|x86.Build.0 = Debug|Any CPU
		{BDE5E4BA-E172-4AD5-A5FF-8D640EADA992}.Debug|Any CPU.ActiveCfg = Debug|Any CPU
		{BDE5E4BA-E172-4AD5-A5FF-8D640EADA992}.Debug|Any CPU.Build.0 = Debug|Any CPU
		{BDE5E4BA-E172-4AD5-A5FF-8D640EADA992}.Debug|ARM.ActiveCfg = Debug|Any CPU
		{BDE5E4BA-E172-4AD5-A5FF-8D640EADA992}.Debug|ARM.Build.0 = Debug|Any CPU
		{BDE5E4BA-E172-4AD5-A5FF-8D640EADA992}.Debug|ARM64.ActiveCfg = Debug|Any CPU
		{BDE5E4BA-E172-4AD5-A5FF-8D640EADA992}.Debug|ARM64.Build.0 = Debug|Any CPU
		{BDE5E4BA-E172-4AD5-A5FF-8D640EADA992}.Debug|iPhone.ActiveCfg = Debug|Any CPU
		{BDE5E4BA-E172-4AD5-A5FF-8D640EADA992}.Debug|iPhone.Build.0 = Debug|Any CPU
		{BDE5E4BA-E172-4AD5-A5FF-8D640EADA992}.Debug|iPhoneSimulator.ActiveCfg = Debug|Any CPU
		{BDE5E4BA-E172-4AD5-A5FF-8D640EADA992}.Debug|iPhoneSimulator.Build.0 = Debug|Any CPU
		{BDE5E4BA-E172-4AD5-A5FF-8D640EADA992}.Debug|x64.ActiveCfg = Debug|Any CPU
		{BDE5E4BA-E172-4AD5-A5FF-8D640EADA992}.Debug|x64.Build.0 = Debug|Any CPU
		{BDE5E4BA-E172-4AD5-A5FF-8D640EADA992}.Debug|x86.ActiveCfg = Debug|Any CPU
		{BDE5E4BA-E172-4AD5-A5FF-8D640EADA992}.Debug|x86.Build.0 = Debug|Any CPU
		{BDE5E4BA-E172-4AD5-A5FF-8D640EADA992}.Release|Any CPU.ActiveCfg = Release|Any CPU
		{BDE5E4BA-E172-4AD5-A5FF-8D640EADA992}.Release|Any CPU.Build.0 = Release|Any CPU
		{BDE5E4BA-E172-4AD5-A5FF-8D640EADA992}.Release|ARM.ActiveCfg = Release|Any CPU
		{BDE5E4BA-E172-4AD5-A5FF-8D640EADA992}.Release|ARM.Build.0 = Release|Any CPU
		{BDE5E4BA-E172-4AD5-A5FF-8D640EADA992}.Release|ARM64.ActiveCfg = Release|Any CPU
		{BDE5E4BA-E172-4AD5-A5FF-8D640EADA992}.Release|ARM64.Build.0 = Release|Any CPU
		{BDE5E4BA-E172-4AD5-A5FF-8D640EADA992}.Release|iPhone.ActiveCfg = Release|Any CPU
		{BDE5E4BA-E172-4AD5-A5FF-8D640EADA992}.Release|iPhone.Build.0 = Release|Any CPU
		{BDE5E4BA-E172-4AD5-A5FF-8D640EADA992}.Release|iPhoneSimulator.ActiveCfg = Release|Any CPU
		{BDE5E4BA-E172-4AD5-A5FF-8D640EADA992}.Release|iPhoneSimulator.Build.0 = Release|Any CPU
		{BDE5E4BA-E172-4AD5-A5FF-8D640EADA992}.Release|x64.ActiveCfg = Release|Any CPU
		{BDE5E4BA-E172-4AD5-A5FF-8D640EADA992}.Release|x64.Build.0 = Release|Any CPU
		{BDE5E4BA-E172-4AD5-A5FF-8D640EADA992}.Release|x86.ActiveCfg = Release|Any CPU
		{BDE5E4BA-E172-4AD5-A5FF-8D640EADA992}.Release|x86.Build.0 = Release|Any CPU
		{0E789572-296E-41B3-B188-CCCA22BA95D0}.Ad-Hoc|Any CPU.ActiveCfg = Debug|Any CPU
		{0E789572-296E-41B3-B188-CCCA22BA95D0}.Ad-Hoc|Any CPU.Build.0 = Debug|Any CPU
		{0E789572-296E-41B3-B188-CCCA22BA95D0}.Ad-Hoc|ARM.ActiveCfg = Debug|Any CPU
		{0E789572-296E-41B3-B188-CCCA22BA95D0}.Ad-Hoc|ARM.Build.0 = Debug|Any CPU
		{0E789572-296E-41B3-B188-CCCA22BA95D0}.Ad-Hoc|ARM64.ActiveCfg = Debug|Any CPU
		{0E789572-296E-41B3-B188-CCCA22BA95D0}.Ad-Hoc|ARM64.Build.0 = Debug|Any CPU
		{0E789572-296E-41B3-B188-CCCA22BA95D0}.Ad-Hoc|iPhone.ActiveCfg = Debug|Any CPU
		{0E789572-296E-41B3-B188-CCCA22BA95D0}.Ad-Hoc|iPhone.Build.0 = Debug|Any CPU
		{0E789572-296E-41B3-B188-CCCA22BA95D0}.Ad-Hoc|iPhoneSimulator.ActiveCfg = Debug|Any CPU
		{0E789572-296E-41B3-B188-CCCA22BA95D0}.Ad-Hoc|iPhoneSimulator.Build.0 = Debug|Any CPU
		{0E789572-296E-41B3-B188-CCCA22BA95D0}.Ad-Hoc|x64.ActiveCfg = Debug|Any CPU
		{0E789572-296E-41B3-B188-CCCA22BA95D0}.Ad-Hoc|x64.Build.0 = Debug|Any CPU
		{0E789572-296E-41B3-B188-CCCA22BA95D0}.Ad-Hoc|x86.ActiveCfg = Debug|Any CPU
		{0E789572-296E-41B3-B188-CCCA22BA95D0}.Ad-Hoc|x86.Build.0 = Debug|Any CPU
		{0E789572-296E-41B3-B188-CCCA22BA95D0}.AppStore|Any CPU.ActiveCfg = Debug|Any CPU
		{0E789572-296E-41B3-B188-CCCA22BA95D0}.AppStore|Any CPU.Build.0 = Debug|Any CPU
		{0E789572-296E-41B3-B188-CCCA22BA95D0}.AppStore|ARM.ActiveCfg = Debug|Any CPU
		{0E789572-296E-41B3-B188-CCCA22BA95D0}.AppStore|ARM.Build.0 = Debug|Any CPU
		{0E789572-296E-41B3-B188-CCCA22BA95D0}.AppStore|ARM64.ActiveCfg = Debug|Any CPU
		{0E789572-296E-41B3-B188-CCCA22BA95D0}.AppStore|ARM64.Build.0 = Debug|Any CPU
		{0E789572-296E-41B3-B188-CCCA22BA95D0}.AppStore|iPhone.ActiveCfg = Debug|Any CPU
		{0E789572-296E-41B3-B188-CCCA22BA95D0}.AppStore|iPhone.Build.0 = Debug|Any CPU
		{0E789572-296E-41B3-B188-CCCA22BA95D0}.AppStore|iPhoneSimulator.ActiveCfg = Debug|Any CPU
		{0E789572-296E-41B3-B188-CCCA22BA95D0}.AppStore|iPhoneSimulator.Build.0 = Debug|Any CPU
		{0E789572-296E-41B3-B188-CCCA22BA95D0}.AppStore|x64.ActiveCfg = Debug|Any CPU
		{0E789572-296E-41B3-B188-CCCA22BA95D0}.AppStore|x64.Build.0 = Debug|Any CPU
		{0E789572-296E-41B3-B188-CCCA22BA95D0}.AppStore|x86.ActiveCfg = Debug|Any CPU
		{0E789572-296E-41B3-B188-CCCA22BA95D0}.AppStore|x86.Build.0 = Debug|Any CPU
		{0E789572-296E-41B3-B188-CCCA22BA95D0}.Debug|Any CPU.ActiveCfg = Debug|Any CPU
		{0E789572-296E-41B3-B188-CCCA22BA95D0}.Debug|Any CPU.Build.0 = Debug|Any CPU
		{0E789572-296E-41B3-B188-CCCA22BA95D0}.Debug|ARM.ActiveCfg = Debug|Any CPU
		{0E789572-296E-41B3-B188-CCCA22BA95D0}.Debug|ARM.Build.0 = Debug|Any CPU
		{0E789572-296E-41B3-B188-CCCA22BA95D0}.Debug|ARM64.ActiveCfg = Debug|Any CPU
		{0E789572-296E-41B3-B188-CCCA22BA95D0}.Debug|ARM64.Build.0 = Debug|Any CPU
		{0E789572-296E-41B3-B188-CCCA22BA95D0}.Debug|iPhone.ActiveCfg = Debug|Any CPU
		{0E789572-296E-41B3-B188-CCCA22BA95D0}.Debug|iPhone.Build.0 = Debug|Any CPU
		{0E789572-296E-41B3-B188-CCCA22BA95D0}.Debug|iPhoneSimulator.ActiveCfg = Debug|Any CPU
		{0E789572-296E-41B3-B188-CCCA22BA95D0}.Debug|iPhoneSimulator.Build.0 = Debug|Any CPU
		{0E789572-296E-41B3-B188-CCCA22BA95D0}.Debug|x64.ActiveCfg = Debug|Any CPU
		{0E789572-296E-41B3-B188-CCCA22BA95D0}.Debug|x64.Build.0 = Debug|Any CPU
		{0E789572-296E-41B3-B188-CCCA22BA95D0}.Debug|x86.ActiveCfg = Debug|Any CPU
		{0E789572-296E-41B3-B188-CCCA22BA95D0}.Debug|x86.Build.0 = Debug|Any CPU
		{0E789572-296E-41B3-B188-CCCA22BA95D0}.Release|Any CPU.ActiveCfg = Release|Any CPU
		{0E789572-296E-41B3-B188-CCCA22BA95D0}.Release|Any CPU.Build.0 = Release|Any CPU
		{0E789572-296E-41B3-B188-CCCA22BA95D0}.Release|ARM.ActiveCfg = Release|Any CPU
		{0E789572-296E-41B3-B188-CCCA22BA95D0}.Release|ARM.Build.0 = Release|Any CPU
		{0E789572-296E-41B3-B188-CCCA22BA95D0}.Release|ARM64.ActiveCfg = Release|Any CPU
		{0E789572-296E-41B3-B188-CCCA22BA95D0}.Release|ARM64.Build.0 = Release|Any CPU
		{0E789572-296E-41B3-B188-CCCA22BA95D0}.Release|iPhone.ActiveCfg = Release|Any CPU
		{0E789572-296E-41B3-B188-CCCA22BA95D0}.Release|iPhone.Build.0 = Release|Any CPU
		{0E789572-296E-41B3-B188-CCCA22BA95D0}.Release|iPhoneSimulator.ActiveCfg = Release|Any CPU
		{0E789572-296E-41B3-B188-CCCA22BA95D0}.Release|iPhoneSimulator.Build.0 = Release|Any CPU
		{0E789572-296E-41B3-B188-CCCA22BA95D0}.Release|x64.ActiveCfg = Release|Any CPU
		{0E789572-296E-41B3-B188-CCCA22BA95D0}.Release|x64.Build.0 = Release|Any CPU
		{0E789572-296E-41B3-B188-CCCA22BA95D0}.Release|x86.ActiveCfg = Release|Any CPU
		{0E789572-296E-41B3-B188-CCCA22BA95D0}.Release|x86.Build.0 = Release|Any CPU
		{CE011B91-D549-4EF9-9BDC-41718FABC54D}.Ad-Hoc|Any CPU.ActiveCfg = Debug|Any CPU
		{CE011B91-D549-4EF9-9BDC-41718FABC54D}.Ad-Hoc|Any CPU.Build.0 = Debug|Any CPU
		{CE011B91-D549-4EF9-9BDC-41718FABC54D}.Ad-Hoc|ARM.ActiveCfg = Debug|Any CPU
		{CE011B91-D549-4EF9-9BDC-41718FABC54D}.Ad-Hoc|ARM.Build.0 = Debug|Any CPU
		{CE011B91-D549-4EF9-9BDC-41718FABC54D}.Ad-Hoc|ARM64.ActiveCfg = Debug|Any CPU
		{CE011B91-D549-4EF9-9BDC-41718FABC54D}.Ad-Hoc|ARM64.Build.0 = Debug|Any CPU
		{CE011B91-D549-4EF9-9BDC-41718FABC54D}.Ad-Hoc|iPhone.ActiveCfg = Debug|Any CPU
		{CE011B91-D549-4EF9-9BDC-41718FABC54D}.Ad-Hoc|iPhone.Build.0 = Debug|Any CPU
		{CE011B91-D549-4EF9-9BDC-41718FABC54D}.Ad-Hoc|iPhoneSimulator.ActiveCfg = Debug|Any CPU
		{CE011B91-D549-4EF9-9BDC-41718FABC54D}.Ad-Hoc|iPhoneSimulator.Build.0 = Debug|Any CPU
		{CE011B91-D549-4EF9-9BDC-41718FABC54D}.Ad-Hoc|x64.ActiveCfg = Debug|Any CPU
		{CE011B91-D549-4EF9-9BDC-41718FABC54D}.Ad-Hoc|x64.Build.0 = Debug|Any CPU
		{CE011B91-D549-4EF9-9BDC-41718FABC54D}.Ad-Hoc|x86.ActiveCfg = Debug|Any CPU
		{CE011B91-D549-4EF9-9BDC-41718FABC54D}.Ad-Hoc|x86.Build.0 = Debug|Any CPU
		{CE011B91-D549-4EF9-9BDC-41718FABC54D}.AppStore|Any CPU.ActiveCfg = Debug|Any CPU
		{CE011B91-D549-4EF9-9BDC-41718FABC54D}.AppStore|Any CPU.Build.0 = Debug|Any CPU
		{CE011B91-D549-4EF9-9BDC-41718FABC54D}.AppStore|ARM.ActiveCfg = Debug|Any CPU
		{CE011B91-D549-4EF9-9BDC-41718FABC54D}.AppStore|ARM.Build.0 = Debug|Any CPU
		{CE011B91-D549-4EF9-9BDC-41718FABC54D}.AppStore|ARM64.ActiveCfg = Debug|Any CPU
		{CE011B91-D549-4EF9-9BDC-41718FABC54D}.AppStore|ARM64.Build.0 = Debug|Any CPU
		{CE011B91-D549-4EF9-9BDC-41718FABC54D}.AppStore|iPhone.ActiveCfg = Debug|Any CPU
		{CE011B91-D549-4EF9-9BDC-41718FABC54D}.AppStore|iPhone.Build.0 = Debug|Any CPU
		{CE011B91-D549-4EF9-9BDC-41718FABC54D}.AppStore|iPhoneSimulator.ActiveCfg = Debug|Any CPU
		{CE011B91-D549-4EF9-9BDC-41718FABC54D}.AppStore|iPhoneSimulator.Build.0 = Debug|Any CPU
		{CE011B91-D549-4EF9-9BDC-41718FABC54D}.AppStore|x64.ActiveCfg = Debug|Any CPU
		{CE011B91-D549-4EF9-9BDC-41718FABC54D}.AppStore|x64.Build.0 = Debug|Any CPU
		{CE011B91-D549-4EF9-9BDC-41718FABC54D}.AppStore|x86.ActiveCfg = Debug|Any CPU
		{CE011B91-D549-4EF9-9BDC-41718FABC54D}.AppStore|x86.Build.0 = Debug|Any CPU
		{CE011B91-D549-4EF9-9BDC-41718FABC54D}.Debug|Any CPU.ActiveCfg = Debug|Any CPU
		{CE011B91-D549-4EF9-9BDC-41718FABC54D}.Debug|Any CPU.Build.0 = Debug|Any CPU
		{CE011B91-D549-4EF9-9BDC-41718FABC54D}.Debug|ARM.ActiveCfg = Debug|Any CPU
		{CE011B91-D549-4EF9-9BDC-41718FABC54D}.Debug|ARM.Build.0 = Debug|Any CPU
		{CE011B91-D549-4EF9-9BDC-41718FABC54D}.Debug|ARM64.ActiveCfg = Debug|Any CPU
		{CE011B91-D549-4EF9-9BDC-41718FABC54D}.Debug|ARM64.Build.0 = Debug|Any CPU
		{CE011B91-D549-4EF9-9BDC-41718FABC54D}.Debug|iPhone.ActiveCfg = Debug|Any CPU
		{CE011B91-D549-4EF9-9BDC-41718FABC54D}.Debug|iPhone.Build.0 = Debug|Any CPU
		{CE011B91-D549-4EF9-9BDC-41718FABC54D}.Debug|iPhoneSimulator.ActiveCfg = Debug|Any CPU
		{CE011B91-D549-4EF9-9BDC-41718FABC54D}.Debug|iPhoneSimulator.Build.0 = Debug|Any CPU
		{CE011B91-D549-4EF9-9BDC-41718FABC54D}.Debug|x64.ActiveCfg = Debug|Any CPU
		{CE011B91-D549-4EF9-9BDC-41718FABC54D}.Debug|x64.Build.0 = Debug|Any CPU
		{CE011B91-D549-4EF9-9BDC-41718FABC54D}.Debug|x86.ActiveCfg = Debug|Any CPU
		{CE011B91-D549-4EF9-9BDC-41718FABC54D}.Debug|x86.Build.0 = Debug|Any CPU
		{CE011B91-D549-4EF9-9BDC-41718FABC54D}.Release|Any CPU.ActiveCfg = Release|Any CPU
		{CE011B91-D549-4EF9-9BDC-41718FABC54D}.Release|Any CPU.Build.0 = Release|Any CPU
		{CE011B91-D549-4EF9-9BDC-41718FABC54D}.Release|ARM.ActiveCfg = Release|Any CPU
		{CE011B91-D549-4EF9-9BDC-41718FABC54D}.Release|ARM.Build.0 = Release|Any CPU
		{CE011B91-D549-4EF9-9BDC-41718FABC54D}.Release|ARM64.ActiveCfg = Release|Any CPU
		{CE011B91-D549-4EF9-9BDC-41718FABC54D}.Release|ARM64.Build.0 = Release|Any CPU
		{CE011B91-D549-4EF9-9BDC-41718FABC54D}.Release|iPhone.ActiveCfg = Release|Any CPU
		{CE011B91-D549-4EF9-9BDC-41718FABC54D}.Release|iPhone.Build.0 = Release|Any CPU
		{CE011B91-D549-4EF9-9BDC-41718FABC54D}.Release|iPhoneSimulator.ActiveCfg = Release|Any CPU
		{CE011B91-D549-4EF9-9BDC-41718FABC54D}.Release|iPhoneSimulator.Build.0 = Release|Any CPU
		{CE011B91-D549-4EF9-9BDC-41718FABC54D}.Release|x64.ActiveCfg = Release|Any CPU
		{CE011B91-D549-4EF9-9BDC-41718FABC54D}.Release|x64.Build.0 = Release|Any CPU
		{CE011B91-D549-4EF9-9BDC-41718FABC54D}.Release|x86.ActiveCfg = Release|Any CPU
		{CE011B91-D549-4EF9-9BDC-41718FABC54D}.Release|x86.Build.0 = Release|Any CPU
	EndGlobalSection
	GlobalSection(SolutionProperties) = preSolution
		HideSolutionNode = FALSE
	EndGlobalSection
	GlobalSection(NestedProjects) = preSolution
		{B6989677-0D34-4084-8BDC-6433F9B0AC8B} = {C4E07AD3-501F-489D-8C76-66D8D2939CBD}
		{832EEF9D-FBFD-4928-A16E-0819FB77BBBA} = {C4E07AD3-501F-489D-8C76-66D8D2939CBD}
		{FFA67DD5-5521-4595-9E91-FD7A41ED121E} = {C4E07AD3-501F-489D-8C76-66D8D2939CBD}
		{A7517501-805C-407D-8571-A7F350FD1D1E} = {C4E07AD3-501F-489D-8C76-66D8D2939CBD}
		{D51AF163-2EA9-4004-AFE5-F7E913233AA8} = {C4E07AD3-501F-489D-8C76-66D8D2939CBD}
		{ABA4734D-0175-4885-AF4C-12C231629DBF} = {C4E07AD3-501F-489D-8C76-66D8D2939CBD}
		{BDE5E4BA-E172-4AD5-A5FF-8D640EADA992} = {C4E07AD3-501F-489D-8C76-66D8D2939CBD}
		{0E789572-296E-41B3-B188-CCCA22BA95D0} = {C4E07AD3-501F-489D-8C76-66D8D2939CBD}
		{CE011B91-D549-4EF9-9BDC-41718FABC54D} = {C4E07AD3-501F-489D-8C76-66D8D2939CBD}
	EndGlobalSection
	GlobalSection(ExtensibilityGlobals) = postSolution
		SolutionGuid = {33436D3D-0762-49AF-9DD0-9EAD08E86321}
	EndGlobalSection
EndGlobal
